{
    "_meta": {
        "hash": {
            "sha256": "e4209ba854c80e8b90b4d3f119446fce5c5b8edcf9142e754662140c0becbf87"
        },
        "pipfile-spec": 6,
        "requires": {
            "python_version": "3"
        },
        "sources": [
            {
                "name": "pypi",
                "url": "https://pypi.org/simple",
                "verify_ssl": true
            },
            {
                "name": "piwheels",
                "url": "https://www.piwheels.org/simple",
                "verify_ssl": true
            }
        ]
    },
    "default": {
        "annotated-types": {
            "hashes": [
                "sha256:1f02e8b43a8fbbc3f3e0d4f0f4bfc8131bcb4eebe8849b8e5c773f3a1c582a53",
                "sha256:aff07c09a53a08bc8cfccb9c85b05f1aa9a2a6f23728d790723543408344ce89"
            ],
            "markers": "python_version >= '3.8'",
            "version": "==0.7.0"
        },
        "cffi": {
            "hashes": [
                "sha256:045d61c734659cc045141be4bae381a41d89b741f795af1dd018bfb532fd0df8",
                "sha256:0984a4925a435b1da406122d4d7968dd861c1385afe3b45ba82b750f229811e2",
                "sha256:0e2b1fac190ae3ebfe37b979cc1ce69c81f4e4fe5746bb401dca63a9062cdaf1",
                "sha256:0f048dcf80db46f0098ccac01132761580d28e28bc0f78ae0d58048063317e15",
                "sha256:1257bdabf294dceb59f5e70c64a3e2f462c30c7ad68092d01bbbfb1c16b1ba36",
                "sha256:1c39c6016c32bc48dd54561950ebd6836e1670f2ae46128f67cf49e789c52824",
                "sha256:1d599671f396c4723d016dbddb72fe8e0397082b0a77a4fab8028923bec050e8",
                "sha256:28b16024becceed8c6dfbc75629e27788d8a3f9030691a1dbf9821a128b22c36",
                "sha256:2bb1a08b8008b281856e5971307cc386a8e9c5b625ac297e853d36da6efe9c17",
                "sha256:30c5e0cb5ae493c04c8b42916e52ca38079f1b235c2f8ae5f4527b963c401caf",
                "sha256:31000ec67d4221a71bd3f67df918b1f88f676f1c3b535a7eb473255fdc0b83fc",
                "sha256:386c8bf53c502fff58903061338ce4f4950cbdcb23e2902d86c0f722b786bbe3",
                "sha256:3edc8d958eb099c634dace3c7e16560ae474aa3803a5df240542b305d14e14ed",
                "sha256:45398b671ac6d70e67da8e4224a065cec6a93541bb7aebe1b198a61b58c7b702",
                "sha256:46bf43160c1a35f7ec506d254e5c890f3c03648a4dbac12d624e4490a7046cd1",
                "sha256:4ceb10419a9adf4460ea14cfd6bc43d08701f0835e979bf821052f1805850fe8",
                "sha256:51392eae71afec0d0c8fb1a53b204dbb3bcabcb3c9b807eedf3e1e6ccf2de903",
                "sha256:5da5719280082ac6bd9aa7becb3938dc9f9cbd57fac7d2871717b1feb0902ab6",
                "sha256:610faea79c43e44c71e1ec53a554553fa22321b65fae24889706c0a84d4ad86d",
                "sha256:636062ea65bd0195bc012fea9321aca499c0504409f413dc88af450b57ffd03b",
                "sha256:6883e737d7d9e4899a8a695e00ec36bd4e5e4f18fabe0aca0efe0a4b44cdb13e",
                "sha256:6b8b4a92e1c65048ff98cfe1f735ef8f1ceb72e3d5f0c25fdb12087a23da22be",
                "sha256:6f17be4345073b0a7b8ea599688f692ac3ef23ce28e5df79c04de519dbc4912c",
                "sha256:706510fe141c86a69c8ddc029c7910003a17353970cff3b904ff0686a5927683",
                "sha256:72e72408cad3d5419375fc87d289076ee319835bdfa2caad331e377589aebba9",
                "sha256:733e99bc2df47476e3848417c5a4540522f234dfd4ef3ab7fafdf555b082ec0c",
                "sha256:7596d6620d3fa590f677e9ee430df2958d2d6d6de2feeae5b20e82c00b76fbf8",
                "sha256:78122be759c3f8a014ce010908ae03364d00a1f81ab5c7f4a7a5120607ea56e1",
                "sha256:805b4371bf7197c329fcb3ead37e710d1bca9da5d583f5073b799d5c5bd1eee4",
                "sha256:85a950a4ac9c359340d5963966e3e0a94a676bd6245a4b55bc43949eee26a655",
                "sha256:8f2cdc858323644ab277e9bb925ad72ae0e67f69e804f4898c070998d50b1a67",
                "sha256:9755e4345d1ec879e3849e62222a18c7174d65a6a92d5b346b1863912168b595",
                "sha256:98e3969bcff97cae1b2def8ba499ea3d6f31ddfdb7635374834cf89a1a08ecf0",
                "sha256:a08d7e755f8ed21095a310a693525137cfe756ce62d066e53f502a83dc550f65",
                "sha256:a1ed2dd2972641495a3ec98445e09766f077aee98a1c896dcb4ad0d303628e41",
                "sha256:a24ed04c8ffd54b0729c07cee15a81d964e6fee0e3d4d342a27b020d22959dc6",
                "sha256:a45e3c6913c5b87b3ff120dcdc03f6131fa0065027d0ed7ee6190736a74cd401",
                "sha256:a9b15d491f3ad5d692e11f6b71f7857e7835eb677955c00cc0aefcd0669adaf6",
                "sha256:ad9413ccdeda48c5afdae7e4fa2192157e991ff761e7ab8fdd8926f40b160cc3",
                "sha256:b2ab587605f4ba0bf81dc0cb08a41bd1c0a5906bd59243d56bad7668a6fc6c16",
                "sha256:b62ce867176a75d03a665bad002af8e6d54644fad99a3c70905c543130e39d93",
                "sha256:c03e868a0b3bc35839ba98e74211ed2b05d2119be4e8a0f224fba9384f1fe02e",
                "sha256:c59d6e989d07460165cc5ad3c61f9fd8f1b4796eacbd81cee78957842b834af4",
                "sha256:c7eac2ef9b63c79431bc4b25f1cd649d7f061a28808cbc6c47b534bd789ef964",
                "sha256:c9c3d058ebabb74db66e431095118094d06abf53284d9c81f27300d0e0d8bc7c",
                "sha256:ca74b8dbe6e8e8263c0ffd60277de77dcee6c837a3d0881d8c1ead7268c9e576",
                "sha256:caaf0640ef5f5517f49bc275eca1406b0ffa6aa184892812030f04c2abf589a0",
                "sha256:cdf5ce3acdfd1661132f2a9c19cac174758dc2352bfe37d98aa7512c6b7178b3",
                "sha256:d016c76bdd850f3c626af19b0542c9677ba156e4ee4fccfdd7848803533ef662",
                "sha256:d01b12eeeb4427d3110de311e1774046ad344f5b1a7403101878976ecd7a10f3",
                "sha256:d63afe322132c194cf832bfec0dc69a99fb9bb6bbd550f161a49e9e855cc78ff",
                "sha256:da95af8214998d77a98cc14e3a3bd00aa191526343078b530ceb0bd710fb48a5",
                "sha256:dd398dbc6773384a17fe0d3e7eeb8d1a21c2200473ee6806bb5e6a8e62bb73dd",
                "sha256:de2ea4b5833625383e464549fec1bc395c1bdeeb5f25c4a3a82b5a8c756ec22f",
                "sha256:de55b766c7aa2e2a3092c51e0483d700341182f08e67c63630d5b6f200bb28e5",
                "sha256:df8b1c11f177bc2313ec4b2d46baec87a5f3e71fc8b45dab2ee7cae86d9aba14",
                "sha256:e03eab0a8677fa80d646b5ddece1cbeaf556c313dcfac435ba11f107ba117b5d",
                "sha256:e221cf152cff04059d011ee126477f0d9588303eb57e88923578ace7baad17f9",
                "sha256:e31ae45bc2e29f6b2abd0de1cc3b9d5205aa847cafaecb8af1476a609a2f6eb7",
                "sha256:edae79245293e15384b51f88b00613ba9f7198016a5948b5dddf4917d4d26382",
                "sha256:f1e22e8c4419538cb197e4dd60acc919d7696e5ef98ee4da4e01d3f8cfa4cc5a",
                "sha256:f3a2b4222ce6b60e2e8b337bb9596923045681d71e5a082783484d845390938e",
                "sha256:f6a16c31041f09ead72d69f583767292f750d24913dadacf5756b966aacb3f1a",
                "sha256:f75c7ab1f9e4aca5414ed4d8e5c0e303a34f4421f8a0d47a4d019ceff0ab6af4",
                "sha256:f79fc4fc25f1c8698ff97788206bb3c2598949bfe0fef03d299eb1b5356ada99",
                "sha256:f7f5baafcc48261359e14bcd6d9bff6d4b28d9103847c9e136694cb0501aef87",
                "sha256:fc48c783f9c87e60831201f2cce7f3b2e4846bf4d8728eabe54d60700b318a0b"
            ],
            "markers": "python_version >= '3.8'",
            "version": "==1.17.1"
        },
        "cryptography": {
            "hashes": [
                "sha256:04abd71114848aa25edb28e225ab5f268096f44cf0127f3d36975bdf1bdf3390",
                "sha256:0529b1d5a0105dd3731fa65680b45ce49da4d8115ea76e9da77a875396727b41",
                "sha256:1bc312dfb7a6e5d66082c87c34c8a62176e684b6fe3d90fcfe1568de675e6688",
                "sha256:268e4e9b177c76d569e8a145a6939eca9a5fec658c932348598818acf31ae9a5",
                "sha256:29ecec49f3ba3f3849362854b7253a9f59799e3763b0c9d0826259a88efa02f1",
                "sha256:2bf7bf75f7df9715f810d1b038870309342bff3069c5bd8c6b96128cb158668d",
                "sha256:3b721b8b4d948b218c88cb8c45a01793483821e709afe5f622861fc6182b20a7",
                "sha256:3c00b6b757b32ce0f62c574b78b939afab9eecaf597c4d624caca4f9e71e7843",
                "sha256:3dc62975e31617badc19a906481deacdeb80b4bb454394b4098e3f2525a488c5",
                "sha256:4973da6ca3db4405c54cd0b26d328be54c7747e89e284fcff166132eb7bccc9c",
                "sha256:4e389622b6927d8133f314949a9812972711a111d577a5d1f4bee5e58736b80a",
                "sha256:51e4de3af4ec3899d6d178a8c005226491c27c4ba84101bfb59c901e10ca9f79",
                "sha256:5f6f90b72d8ccadb9c6e311c775c8305381db88374c65fa1a68250aa8a9cb3a6",
                "sha256:6210c05941994290f3f7f175a4a57dbbb2afd9273657614c506d5976db061181",
                "sha256:6f101b1f780f7fc613d040ca4bdf835c6ef3b00e9bd7125a4255ec574c7916e4",
                "sha256:7bdcd82189759aba3816d1f729ce42ffded1ac304c151d0a8e89b9996ab863d5",
                "sha256:7ca25849404be2f8e4b3c59483d9d3c51298a22c1c61a0e84415104dacaf5562",
                "sha256:81276f0ea79a208d961c433a947029e1a15948966658cf6710bbabb60fcc2639",
                "sha256:8cadc6e3b5a1f144a039ea08a0bdb03a2a92e19c46be3285123d32029f40a922",
                "sha256:8e0ddd63e6bf1161800592c71ac794d3fb8001f2caebe0966e77c5234fa9efc3",
                "sha256:909c97ab43a9c0c0b0ada7a1281430e4e5ec0458e6d9244c0e821bbf152f061d",
                "sha256:96e7a5e9d6e71f9f4fca8eebfd603f8e86c5225bb18eb621b2c1e50b290a9471",
                "sha256:9a1e657c0f4ea2a23304ee3f964db058c9e9e635cc7019c4aa21c330755ef6fd",
                "sha256:9eb9d22b0a5d8fd9925a7764a054dca914000607dff201a24c791ff5c799e1fa",
                "sha256:af4ff3e388f2fa7bff9f7f2b31b87d5651c45731d3e8cfa0944be43dff5cfbdb",
                "sha256:b042d2a275c8cee83a4b7ae30c45a15e6a4baa65a179a0ec2d78ebb90e4f6699",
                "sha256:bc821e161ae88bfe8088d11bb39caf2916562e0a2dc7b6d56714a48b784ef0bb",
                "sha256:c505d61b6176aaf982c5717ce04e87da5abc9a36a5b39ac03905c4aafe8de7aa",
                "sha256:c63454aa261a0cf0c5b4718349629793e9e634993538db841165b3df74f37ec0",
                "sha256:c7362add18b416b69d58c910caa217f980c5ef39b23a38a0880dfd87bdf8cd23",
                "sha256:d03806036b4f89e3b13b6218fefea8d5312e450935b1a2d55f0524e2ed7c59d9",
                "sha256:d1b3031093a366ac767b3feb8bcddb596671b3aaff82d4050f984da0c248b615",
                "sha256:d1c3572526997b36f245a96a2b1713bf79ce99b271bbcf084beb6b9b075f29ea",
                "sha256:efcfe97d1b3c79e486554efddeb8f6f53a4cdd4cf6086642784fa31fc384e1d7",
                "sha256:f514ef4cd14bb6fb484b4a60203e912cfcb64f2ab139e88c2274511514bf7308"
            ],
            "index": "pypi",
            "markers": "python_version >= '3.7' and python_full_version not in '3.9.0, 3.9.1'",
            "version": "==44.0.2"
        },
        "nassl": {
            "hashes": [
                "sha256:0293f0c4a39de141e2eeafe596f3ca40ed155df3de34c6492adcfd5ea97c3608",
                "sha256:08963b185bcf913ed5749897539205c856a912f447e4a48851c3802777a97fe0",
                "sha256:0f56aef2b27fe648246fdbb67006199523a74feece6eacc8c12e1356fe2231f6",
                "sha256:182d7dbf36292ce76e9e6b94868161020dff62d0fdc08963c0d0c6fec3fc8496",
                "sha256:1ddffe16f0e4fec78b45ffdbe52b5c9948e261d13c4fe477f8306c4011018b60",
                "sha256:2cd309b4be5483dde8a3597ab8233a01e93e1793d64de6f2a6d84b78360449e5",
                "sha256:3903fc3a453d42f642c6b2ea68607faf827c407a1b39a60edede8b47a90e5ec3",
                "sha256:396eb2426f68998e234b3e20b04164d70f08e042e310300ce3bfaeded93ec27d",
                "sha256:3e88da48179099156e2cbddd57393eb090516b8c28be495f9b53bc39b1db4bd8",
                "sha256:4378156f34ed1153cb70611432d859e33de80dc8e901962eae3ac59756f1d297",
                "sha256:44f4bb97c983218994266194f8f80b4578e2a4255493a513beac3186eccb3beb",
                "sha256:4bef5f18cf22b93efbb8e255c72a5467b1663d61e66ecc05746d50a63c9372ce",
                "sha256:4f26d4ff59b2eab9c6afc900a78237832569b42f34bcbbd4bfe4473d5f2e26ff",
                "sha256:4fb8268c181448f96388449bd785f3b3a0e37cacc96ce530cee9f3068b569bf6",
                "sha256:516489d4e49d387120a104c4fa055ee00cfb38f5902e1c9ede37ebc5d2b9154e",
                "sha256:5a4999229e544be5bbee312dbc6e6f7a45f56aa27abacce587819b7b9baace81",
                "sha256:64ac8b9d3a47999064224474b0de8449abfc545a3382ae5207e6504a923b472a",
                "sha256:70fd76eefeb5de472ff3adeef55e311d88c9ff29be16b246a07c96aa12b6d8d6",
                "sha256:733c36ecfc65b16e8e241bf0676f705070bd15be47ab574044860bffb6460859",
                "sha256:7745c17430cad8f28a6b7d3a8021a12543dea7d9775a1575e21088e2981d9225",
                "sha256:85cd6e2d65e6f41137a2a1081d44bda79827355477de05ac05d1d62959fbaad1",
                "sha256:9d3676d49bc50fa45fd3ae46cfd997e6b563cb4561ee9ae3daf01ae5bad8f092",
                "sha256:a053817c23dac2408bd8b9caaec4cea28a6b732667ef7314c3319d1ec3e017a9",
                "sha256:ae680b4c0a8b0dd82096a34b86b0c15b20e922f379feb6b1bba5d9faa562db73",
                "sha256:b74e040f09cba45fb4f774f643240e3050eced0dc211d14d925c396d0f5ee1ba",
                "sha256:bf36d2973b0e7b01cf89547ac32c3542ab6fb4df6bb90e4a8e6c1be4af3975cd",
                "sha256:c1f37b69e4e81e8e1d5dde0fe93349dd173bd68271922096293138e1969ee5d6",
                "sha256:cbec8c856f6cdb6e50d566892e7a9a4d680ccef3e0b2ba97cdd1a5c02270c103",
                "sha256:cd7153597a64ab02f589134dfeddbb01ea494c1400bd7d0b1926d7716b383a84",
                "sha256:cf350a4232cba1bb85d296c6a05f0ea2f51f95072d4e39dd4e4df9616eba36ba",
                "sha256:d341bef9fac8d4bdbd3bd2b0fda40a2250e834e75f302c4d87220740e3a809f7",
                "sha256:d856f74a84e71e60b1b7b43e1e22c83470f2d274864bf6038f98644cdfe4dcb7",
                "sha256:dddd6e0d3a9ab22594b5dfab0dd9e85ecce4cd1b05bdeb451dd3b0c6a61d4e79",
                "sha256:df7b2ed5e585388ce2a37a644260382d2e40f71646ec9412964b31c509b4626d",
                "sha256:e1fe32ed30bcbb60ac8f151ea5b2ef7da2ff701e73b90579eb405028a59db391"
            ],
            "index": "pypi",
            "markers": "python_version >= '3.9'",
            "version": "==5.3.0"
        },
        "pycparser": {
            "hashes": [
                "sha256:491c8be9c040f5390f5bf44a5b07752bd07f56edf992381b05c701439eec10f6",
                "sha256:c3702b6d3dd8c7abc1afa565d7e63d53a1d0bd86cdc24edd75470f4de499cfcc"
            ],
            "markers": "python_version >= '3.8'",
            "version": "==2.22"
        },
        "pydantic": {
            "hashes": [
                "sha256:32738d19d63a226a52eed76645a98ee07c1f410ee41d93b4afbfa85ed8111c2d",
                "sha256:d9615eaa9ac5a063471da949c8fc16376a84afb5024688b3ff885693506764eb"
            ],
            "index": "pypi",
            "markers": "python_version >= '3.9'",
            "version": "==2.11.4"
        },
        "pydantic-core": {
            "hashes": [
                "sha256:0069c9acc3f3981b9ff4cdfaf088e98d83440a4c7ea1bc07460af3d4dc22e72d",
                "sha256:031c57d67ca86902726e0fae2214ce6770bbe2f710dc33063187a68744a5ecac",
                "sha256:0405262705a123b7ce9f0b92f123334d67b70fd1f20a9372b907ce1080c7ba02",
                "sha256:04a1a413977ab517154eebb2d326da71638271477d6ad87a769102f7c2488c56",
                "sha256:09fb9dd6571aacd023fe6aaca316bd01cf60ab27240d7eb39ebd66a3a15293b4",
                "sha256:0a39979dcbb70998b0e505fb1556a1d550a0781463ce84ebf915ba293ccb7e22",
                "sha256:0a9f2c9dd19656823cb8250b0724ee9c60a82f3cdf68a080979d13092a3b0fef",
                "sha256:0e03262ab796d986f978f79c943fc5f620381be7287148b8010b4097f79a39ec",
                "sha256:0e5b2671f05ba48b94cb90ce55d8bdcaaedb8ba00cc5359f6810fc918713983d",
                "sha256:0e6116757f7959a712db11f3e9c0a99ade00a5bbedae83cb801985aa154f071b",
                "sha256:0fb2d542b4d66f9470e8065c5469ec676978d625a8b7a363f07d9a501a9cb36a",
                "sha256:1082dd3e2d7109ad8b7da48e1d4710c8d06c253cbc4a27c1cff4fbcaa97a9e3f",
                "sha256:1a8695a8d00c73e50bff9dfda4d540b7dee29ff9b8053e38380426a85ef10052",
                "sha256:1e063337ef9e9820c77acc768546325ebe04ee38b08703244c1309cccc4f1bab",
                "sha256:1ea40a64d23faa25e62a70ad163571c0b342b8bf66d5fa612ac0dec4f069d916",
                "sha256:2058a32994f1fde4ca0480ab9d1e75a0e8c87c22b53a3ae66554f9af78f2fe8c",
                "sha256:235f45e5dbcccf6bd99f9f472858849f73d11120d76ea8707115415f8e5ebebf",
                "sha256:2807668ba86cb38c6817ad9bc66215ab8584d1d304030ce4f0887336f28a5e27",
                "sha256:2b0a451c263b01acebe51895bfb0e1cc842a5c666efe06cdf13846c7418caa9a",
                "sha256:2b3d326aaef0c0399d9afffeb6367d5e26ddc24d351dbc9c636840ac355dc5d8",
                "sha256:2bfb5112df54209d820d7bf9317c7a6c9025ea52e49f46b6a2060104bba37de7",
                "sha256:2f82865531efd18d6e07a04a17331af02cb7a651583c418df8266f17a63c6612",
                "sha256:329467cecfb529c925cf2bbd4d60d2c509bc2fb52a20c1045bf09bb70971a9c1",
                "sha256:3a1c81334778f9e3af2f8aeb7a960736e5cab1dfebfb26aabca09afd2906c039",
                "sha256:3abcd9392a36025e3bd55f9bd38d908bd17962cc49bc6da8e7e96285336e2bca",
                "sha256:3c6db6e52c6d70aa0d00d45cdb9b40f0433b96380071ea80b09277dba021ddf7",
                "sha256:3dc625f4aa79713512d1976fe9f0bc99f706a9dee21dfd1810b4bbbf228d0e8a",
                "sha256:3eb3fe62804e8f859c49ed20a8451342de53ed764150cb14ca71357c765dc2a6",
                "sha256:44857c3227d3fb5e753d5fe4a3420d6376fa594b07b621e220cd93703fe21782",
                "sha256:4b25d91e288e2c4e0662b8038a28c6a07eaac3e196cfc4ff69de4ea3db992a1b",
                "sha256:4c5b0a576fb381edd6d27f0a85915c6daf2f8138dc5c267a57c08a62900758c7",
                "sha256:4e61206137cbc65e6d5256e1166f88331d3b6238e082d9f74613b9b765fb9025",
                "sha256:52fb90784e0a242bb96ec53f42196a17278855b0f31ac7c3cc6f5c1ec4811849",
                "sha256:53a57d2ed685940a504248187d5685e49eb5eef0f696853647bf37c418c538f7",
                "sha256:572c7e6c8bb4774d2ac88929e3d1f12bc45714ae5ee6d9a788a9fb35e60bb04b",
                "sha256:5c4aa4e82353f65e548c476b37e64189783aa5384903bfea4f41580f255fddfa",
                "sha256:5c92edd15cd58b3c2d34873597a1e20f13094f59cf88068adb18947df5455b4e",
                "sha256:5f483cfb75ff703095c59e365360cb73e00185e01aaea067cd19acffd2ab20ea",
                "sha256:61c18fba8e5e9db3ab908620af374db0ac1baa69f0f32df4f61ae23f15e586ac",
                "sha256:6368900c2d3ef09b69cb0b913f9f8263b03786e5b2a387706c5afb66800efd51",
                "sha256:64632ff9d614e5eecfb495796ad51b0ed98c453e447a76bcbeeb69615079fc7e",
                "sha256:65132b7b4a1c0beded5e057324b7e16e10910c106d43675d9bd87d4f38dde162",
                "sha256:6b99022f1d19bc32a4c2a0d544fc9a76e3be90f0b3f4af413f87d38749300e65",
                "sha256:6bdfe4b3789761f3bcb4b1ddf33355a71079858958e3a552f16d5af19768fef2",
                "sha256:6fa6dfc3e4d1f734a34710f391ae822e0a8eb8559a85c6979e14e65ee6ba2954",
                "sha256:73662edf539e72a9440129f231ed3757faab89630d291b784ca99237fb94db2b",
                "sha256:73cf6373c21bc80b2e0dc88444f41ae60b2f070ed02095754eb5a01df12256de",
                "sha256:7cb8bc3605c29176e1b105350d2e6474142d7c1bd1d9327c4a9bdb46bf827acc",
                "sha256:7f92c15cd1e97d4b12acd1cc9004fa092578acfa57b67ad5e43a197175d01a64",
                "sha256:82f68293f055f51b51ea42fafc74b6aad03e70e191799430b90c13d643059ebb",
                "sha256:83aa99b1285bc8f038941ddf598501a86f1536789740991d7d8756e34f1e74d9",
                "sha256:87acbfcf8e90ca885206e98359d7dca4bcbb35abdc0ff66672a293e1d7a19101",
                "sha256:87b31b6846e361ef83fedb187bb5b4372d0da3f7e28d85415efa92d6125d6e6d",
                "sha256:881b21b5549499972441da4758d662aeea93f1923f953e9cbaff14b8b9565aef",
                "sha256:8d55ab81c57b8ff8548c3e4947f119551253f4e3787a7bbc0b6b3ca47498a9d3",
                "sha256:8f57a69461af2a5fa6e6bbd7a5f60d3b7e6cebb687f55106933188e79ad155c1",
                "sha256:95237e53bb015f67b63c91af7518a62a8660376a6a0db19b89acc77a4d6199f5",
                "sha256:96081f1605125ba0855dfda83f6f3df5ec90c61195421ba72223de35ccfb2f88",
                "sha256:970919794d126ba8645f3837ab6046fb4e72bbc057b3709144066204c19a455d",
                "sha256:9cb1da0f5a471435a7bc7e439b8a728e8b61e59784b2af70d7c169f8dd8ae290",
                "sha256:9fcd347d2cc5c23b06de6d3b7b8275be558a0c90549495c699e379a80bf8379e",
                "sha256:9fdac5d6ffa1b5a83bca06ffe7583f5576555e6c8b3a91fbd25ea7780f825f7d",
                "sha256:a11c8d26a50bfab49002947d3d237abe4d9e4b5bdc8846a63537b6488e197808",
                "sha256:a144d4f717285c6d9234a66778059f33a89096dfb9b39117663fd8413d582dcc",
                "sha256:a2b911a5b90e0374d03813674bf0a5fbbb7741570dcd4b4e85a2e48d17def29d",
                "sha256:a7ec89dc587667f22b6a0b6579c249fca9026ce7c333fc142ba42411fa243cdc",
                "sha256:aa9d91b338f2df0508606f7009fde642391425189bba6d8c653afd80fd6bb64e",
                "sha256:b0379a2b24882fef529ec3b4987cb5d003b9cda32256024e6fe1586ac45fc640",
                "sha256:bc7aee6f634a6f4a95676fcb5d6559a2c2a390330098dba5e5a5f28a2e4ada30",
                "sha256:bdc25f3681f7b78572699569514036afe3c243bc3059d3942624e936ec93450e",
                "sha256:c083a3bdd5a93dfe480f1125926afcdbf2917ae714bdb80b36d34318b2bec5d9",
                "sha256:c20c462aa4434b33a2661701b861604913f912254e441ab8d78d30485736115a",
                "sha256:c2fc0a768ef76c15ab9238afa6da7f69895bb5d1ee83aeea2e3509af4472d0b9",
                "sha256:c52b02ad8b4e2cf14ca7b3d918f3eb0ee91e63b3167c32591e57c4317e134f8f",
                "sha256:c54c939ee22dc8e2d545da79fc5381f1c020d6d3141d3bd747eab59164dc89fb",
                "sha256:c8e7af2f4e0194c22b5b37205bfb293d166a7344a5b0d0eaccebc376546d77d5",
                "sha256:cca3868ddfaccfbc4bfb1d608e2ccaaebe0ae628e1416aeb9c4d88c001bb45ab",
                "sha256:d3f26877a748dc4251cfcfda9dfb5f13fcb034f5308388066bcfe9031b63ae7d",
                "sha256:d53b22f2032c42eaaf025f7c40c2e3b94568ae077a606f006d206a463bc69572",
                "sha256:d87c561733f66531dced0da6e864f44ebf89a8fba55f31407b00c2f7f9449593",
                "sha256:d946c8bf0d5c24bf4fe333af284c59a19358aa3ec18cb3dc4370080da1e8ad29",
                "sha256:dac89aea9af8cd672fa7b510e7b8c33b0bba9a43186680550ccf23020f32d535",
                "sha256:db4b41f9bd95fbe5acd76d89920336ba96f03e149097365afe1cb092fceb89a1",
                "sha256:dc46a01bf8d62f227d5ecee74178ffc448ff4e5197c756331f71efcc66dc980f",
                "sha256:dd14041875d09cc0f9308e37a6f8b65f5585cf2598a53aa0123df8b129d481f8",
                "sha256:de4b83bb311557e439b9e186f733f6c645b9417c84e2eb8203f3f820a4b988bf",
                "sha256:e799c050df38a639db758c617ec771fd8fb7a5f8eaaa4b27b101f266b216a246",
                "sha256:e80b087132752f6b3d714f041ccf74403799d3b23a72722ea2e6ba2e892555b9",
                "sha256:eb8c529b2819c37140eb51b914153063d27ed88e3bdc31b71198a198e921e011",
                "sha256:eb9b459ca4df0e5c87deb59d37377461a538852765293f9e6ee834f0435a93b9",
                "sha256:efec8db3266b76ef9607c2c4c419bdb06bf335ae433b80816089ea7585816f6a",
                "sha256:f481959862f57f29601ccced557cc2e817bce7533ab8e01a797a48b49c9692b3",
                "sha256:f517ca031dfc037a9c07e748cefd8d96235088b83b4f4ba8939105d20fa1dcd6",
                "sha256:f889f7a40498cc077332c7ab6b4608d296d852182211787d4f3ee377aaae66e8",
                "sha256:f8de619080e944347f5f20de29a975c2d815d9ddd8be9b9b7268e2e3ef68605a",
                "sha256:f941635f2a3d96b2973e867144fde513665c87f13fe0e193c158ac51bfaaa7b2",
                "sha256:fa754d1850735a0b0e03bcffd9d4b4343eb417e47196e4485d9cca326073a42c",
                "sha256:fa854f5cf7e33842a892e5c73f45327760bc7bc516339fda888c75ae60edaeb6",
                "sha256:fe5b32187cbc0c862ee201ad66c30cf218e5ed468ec8dc1cf49dec66e160cc4d"
            ],
            "markers": "python_version >= '3.9'",
            "version": "==2.33.2"
        },
        "sslyze": {
            "hashes": [
                "sha256:61919db600167f5e593448220dd6137e9753f95d6c7511271975def7bdc286e0"
            ],
            "index": "pypi",
            "markers": "python_version >= '3.9'",
            "version": "==6.1.0"
        },
        "tls-parser": {
            "hashes": [
                "sha256:67621c6afa721c7afdb9c50d3c38119f22c9c1b93823af27e05a78e3a6fd0e5e",
                "sha256:fc9c1c4bcb646317bf0f1a9396bad1423346a445fd34a86ccc6c3a7e434ebde3"
            ],
            "index": "pypi",
            "markers": "python_version >= '3.8'",
            "version": "==2.0.2"
        },
        "typing-extensions": {
            "hashes": [
                "sha256:a439e7c04b49fec3e5d3e2beaa21755cadbbdc391694e28ccdd36ca4a1408f8c",
                "sha256:e6c81219bd689f51865d9e372991c540bda33a0379d5573cddb9a3a23f7caaef"
            ],
            "markers": "python_version >= '3.8'",
            "version": "==4.13.2"
        },
        "typing-inspection": {
            "hashes": [
                "sha256:50e72559fcd2a6367a19f7a7e610e6afcb9fac940c650290eed893d61386832f",
                "sha256:9765c87de36671694a67904bf2c96e395be9c6439bb6c87b5142569dcdd65122"
            ],
            "markers": "python_version >= '3.9'",
            "version": "==0.4.0"
        }
    },
    "develop": {}
}
