{
    "_meta": {
        "hash": {
            "sha256": "a3bc63ad68a534e2c6e051bee8ec72501a6257425703533867c925a0635d3ef8"
        },
        "pipfile-spec": 6,
        "requires": {
            "python_version": "3"
        },
        "sources": [
            {
                "name": "pypi",
                "url": "https://pypi.org/simple",
                "verify_ssl": true
            },
            {
                "name": "piwheels",
                "url": "https://www.piwheels.org/simple",
                "verify_ssl": true
            }
        ]
    },
    "default": {
        "aiodns": {
            "hashes": [
                "sha256:62869b23409349c21b072883ec8998316b234c9a9e36675756e8e317e8768f72",
                "sha256:e443c0c27b07da3174a109fd9e736d69058d808f144d3c9d56dbd1776964c5f5"
            ],
            "version": "==3.2.0"
        },
        "authres": {
            "hashes": [
                "sha256:93d1b995ad7ce21e62db649f361048125dd6022563a0ae8a23909465f1fd25b7"
            ],
            "version": "==1.2.0"
        },
        "cffi": {
            "hashes": [
                "sha256:045d61c734659cc045141be4bae381a41d89b741f795af1dd018bfb532fd0df8",
                "sha256:0984a4925a435b1da406122d4d7968dd861c1385afe3b45ba82b750f229811e2",
                "sha256:0e2b1fac190ae3ebfe37b979cc1ce69c81f4e4fe5746bb401dca63a9062cdaf1",
                "sha256:0f048dcf80db46f0098ccac01132761580d28e28bc0f78ae0d58048063317e15",
                "sha256:1257bdabf294dceb59f5e70c64a3e2f462c30c7ad68092d01bbbfb1c16b1ba36",
                "sha256:1c39c6016c32bc48dd54561950ebd6836e1670f2ae46128f67cf49e789c52824",
                "sha256:1d599671f396c4723d016dbddb72fe8e0397082b0a77a4fab8028923bec050e8",
                "sha256:28b16024becceed8c6dfbc75629e27788d8a3f9030691a1dbf9821a128b22c36",
                "sha256:2bb1a08b8008b281856e5971307cc386a8e9c5b625ac297e853d36da6efe9c17",
                "sha256:30c5e0cb5ae493c04c8b42916e52ca38079f1b235c2f8ae5f4527b963c401caf",
                "sha256:31000ec67d4221a71bd3f67df918b1f88f676f1c3b535a7eb473255fdc0b83fc",
                "sha256:386c8bf53c502fff58903061338ce4f4950cbdcb23e2902d86c0f722b786bbe3",
                "sha256:3edc8d958eb099c634dace3c7e16560ae474aa3803a5df240542b305d14e14ed",
                "sha256:45398b671ac6d70e67da8e4224a065cec6a93541bb7aebe1b198a61b58c7b702",
                "sha256:46bf43160c1a35f7ec506d254e5c890f3c03648a4dbac12d624e4490a7046cd1",
                "sha256:4ceb10419a9adf4460ea14cfd6bc43d08701f0835e979bf821052f1805850fe8",
                "sha256:51392eae71afec0d0c8fb1a53b204dbb3bcabcb3c9b807eedf3e1e6ccf2de903",
                "sha256:5da5719280082ac6bd9aa7becb3938dc9f9cbd57fac7d2871717b1feb0902ab6",
                "sha256:610faea79c43e44c71e1ec53a554553fa22321b65fae24889706c0a84d4ad86d",
                "sha256:636062ea65bd0195bc012fea9321aca499c0504409f413dc88af450b57ffd03b",
                "sha256:6883e737d7d9e4899a8a695e00ec36bd4e5e4f18fabe0aca0efe0a4b44cdb13e",
                "sha256:6b8b4a92e1c65048ff98cfe1f735ef8f1ceb72e3d5f0c25fdb12087a23da22be",
                "sha256:6f17be4345073b0a7b8ea599688f692ac3ef23ce28e5df79c04de519dbc4912c",
                "sha256:706510fe141c86a69c8ddc029c7910003a17353970cff3b904ff0686a5927683",
                "sha256:72e72408cad3d5419375fc87d289076ee319835bdfa2caad331e377589aebba9",
                "sha256:733e99bc2df47476e3848417c5a4540522f234dfd4ef3ab7fafdf555b082ec0c",
                "sha256:7596d6620d3fa590f677e9ee430df2958d2d6d6de2feeae5b20e82c00b76fbf8",
                "sha256:78122be759c3f8a014ce010908ae03364d00a1f81ab5c7f4a7a5120607ea56e1",
                "sha256:805b4371bf7197c329fcb3ead37e710d1bca9da5d583f5073b799d5c5bd1eee4",
                "sha256:85a950a4ac9c359340d5963966e3e0a94a676bd6245a4b55bc43949eee26a655",
                "sha256:8f2cdc858323644ab277e9bb925ad72ae0e67f69e804f4898c070998d50b1a67",
                "sha256:9755e4345d1ec879e3849e62222a18c7174d65a6a92d5b346b1863912168b595",
                "sha256:98e3969bcff97cae1b2def8ba499ea3d6f31ddfdb7635374834cf89a1a08ecf0",
                "sha256:a08d7e755f8ed21095a310a693525137cfe756ce62d066e53f502a83dc550f65",
                "sha256:a1ed2dd2972641495a3ec98445e09766f077aee98a1c896dcb4ad0d303628e41",
                "sha256:a24ed04c8ffd54b0729c07cee15a81d964e6fee0e3d4d342a27b020d22959dc6",
                "sha256:a45e3c6913c5b87b3ff120dcdc03f6131fa0065027d0ed7ee6190736a74cd401",
                "sha256:a9b15d491f3ad5d692e11f6b71f7857e7835eb677955c00cc0aefcd0669adaf6",
                "sha256:ad9413ccdeda48c5afdae7e4fa2192157e991ff761e7ab8fdd8926f40b160cc3",
                "sha256:b2ab587605f4ba0bf81dc0cb08a41bd1c0a5906bd59243d56bad7668a6fc6c16",
                "sha256:b62ce867176a75d03a665bad002af8e6d54644fad99a3c70905c543130e39d93",
                "sha256:c03e868a0b3bc35839ba98e74211ed2b05d2119be4e8a0f224fba9384f1fe02e",
                "sha256:c59d6e989d07460165cc5ad3c61f9fd8f1b4796eacbd81cee78957842b834af4",
                "sha256:c7eac2ef9b63c79431bc4b25f1cd649d7f061a28808cbc6c47b534bd789ef964",
                "sha256:c9c3d058ebabb74db66e431095118094d06abf53284d9c81f27300d0e0d8bc7c",
                "sha256:ca74b8dbe6e8e8263c0ffd60277de77dcee6c837a3d0881d8c1ead7268c9e576",
                "sha256:caaf0640ef5f5517f49bc275eca1406b0ffa6aa184892812030f04c2abf589a0",
                "sha256:cdf5ce3acdfd1661132f2a9c19cac174758dc2352bfe37d98aa7512c6b7178b3",
                "sha256:d016c76bdd850f3c626af19b0542c9677ba156e4ee4fccfdd7848803533ef662",
                "sha256:d01b12eeeb4427d3110de311e1774046ad344f5b1a7403101878976ecd7a10f3",
                "sha256:d63afe322132c194cf832bfec0dc69a99fb9bb6bbd550f161a49e9e855cc78ff",
                "sha256:da95af8214998d77a98cc14e3a3bd00aa191526343078b530ceb0bd710fb48a5",
                "sha256:dd398dbc6773384a17fe0d3e7eeb8d1a21c2200473ee6806bb5e6a8e62bb73dd",
                "sha256:de2ea4b5833625383e464549fec1bc395c1bdeeb5f25c4a3a82b5a8c756ec22f",
                "sha256:de55b766c7aa2e2a3092c51e0483d700341182f08e67c63630d5b6f200bb28e5",
                "sha256:df8b1c11f177bc2313ec4b2d46baec87a5f3e71fc8b45dab2ee7cae86d9aba14",
                "sha256:e03eab0a8677fa80d646b5ddece1cbeaf556c313dcfac435ba11f107ba117b5d",
                "sha256:e221cf152cff04059d011ee126477f0d9588303eb57e88923578ace7baad17f9",
                "sha256:e31ae45bc2e29f6b2abd0de1cc3b9d5205aa847cafaecb8af1476a609a2f6eb7",
                "sha256:edae79245293e15384b51f88b00613ba9f7198016a5948b5dddf4917d4d26382",
                "sha256:f1e22e8c4419538cb197e4dd60acc919d7696e5ef98ee4da4e01d3f8cfa4cc5a",
                "sha256:f3a2b4222ce6b60e2e8b337bb9596923045681d71e5a082783484d845390938e",
                "sha256:f6a16c31041f09ead72d69f583767292f750d24913dadacf5756b966aacb3f1a",
                "sha256:f75c7ab1f9e4aca5414ed4d8e5c0e303a34f4421f8a0d47a4d019ceff0ab6af4",
                "sha256:f79fc4fc25f1c8698ff97788206bb3c2598949bfe0fef03d299eb1b5356ada99",
                "sha256:f7f5baafcc48261359e14bcd6d9bff6d4b28d9103847c9e136694cb0501aef87",
                "sha256:fc48c783f9c87e60831201f2cce7f3b2e4846bf4d8728eabe54d60700b318a0b"
            ],
            "markers": "python_version >= '3.8'",
            "version": "==1.17.1"
        },
        "dkimpy": {
            "extras": [
                "ARC",
                "asyncio",
                "ed25519"
            ],
            "hashes": [
                "sha256:b5f60fb47bbf5d8d762f134bcea0c388eba6b498342a682a21f1686545094b77"
            ],
            "version": "==1.1.8"
        },
        "dnspython": {
            "hashes": [
                "sha256:b4c34b7d10b51bcc3a5071e7b8dee77939f1e878477eeecc965e9835f63c6c86",
                "sha256:ce9c432eda0dc91cf618a5cedf1a4e142651196bbcd2c80e89ed5a907e5cfaf1"
            ],
            "markers": "python_version >= '3.9'",
            "version": "==2.7.0"
        },
        "pycares": {
            "hashes": [
                "sha256:06a82cc9304cc675f3aad938d5c519f3594254561edbfaf6821085cfb48a319a",
                "sha256:0dab444430c7d8b98fa7515aff280c5723bd94f0791e268437952fa22fd8d714",
                "sha256:16aa1ae5ce6adcf466e379978fc3a8cb904793d45f97b486029d14d16fc00063",
                "sha256:19fb1154b352b684b831660ba05da7b438afb97539d74240d63daeb9b545ac00",
                "sha256:1cf0f5f3fdd2f170c394842a1001538cf36289166f0e48321810f729517877a4",
                "sha256:1df9d1df0497801cce68a632b463ef7dff3e67c119f95f56725e229a869f8550",
                "sha256:1e6ee97556c8e99050eb84970863ff8b464b255261b3dfd8b7b0fa85815ea82a",
                "sha256:1f7ff8e5395aaac8ec5e53c3ea44557d8b5ebf165f9320b667e7e1a371a3df2d",
                "sha256:2074a7151462d2f189f04eed422a981a9a4bbcfeed00acd4a8f147c71f8e231b",
                "sha256:20e46a3c1087c90dd803b717d5e5e5ff9bede5f2df9c6c66e1dc9a0f622d99b1",
                "sha256:21bf51a851895f3ca2df7a48b17869f1f51bebb5cae9d7cd07feb2ab4ccdf32b",
                "sha256:3926c585d21bb1ea70020a933d7de4e1528d23c41f3054a04acf970289cb8d22",
                "sha256:39275e526274aea27f50c7695f7c105c49cdff282a36ff4c0566bf396b52d4d6",
                "sha256:39a79ff5ffcb92c2400b01f121308c17688563712b0c1aafa946653a76cf70c7",
                "sha256:3cd5904843fd4f6e4fcdbcd95f6d38537f553dc8697119ebd909e1d7f8c82d8a",
                "sha256:48f127ee18a0bb6655291d5896643ac44be2566374a1536a67d41e2b7ae63c47",
                "sha256:5052abb22decc53a5bca4a289833b64f457a8f02aafe69c2c7a2cab3229618fb",
                "sha256:5acb47ecdc4b228c35d01264b2ca04c89c0202cf60823247e7f4dce1821dc7f0",
                "sha256:61142ed827914a0e5fa2a0376b37eb1bd8496d9dd071f0b5a2780f6240b68b36",
                "sha256:63ca7d92857ef668d55d8fba05e36d7631e3102de7740240a7a9659525bd725a",
                "sha256:6449319fd267e3ddd0bc47a5f28b219857d9e591ec04684dbb2b84a0a42cd0c4",
                "sha256:6502aebee73bc0b2ab2a9d0110acafdd4b44a134779607b09d03aacbf08c593b",
                "sha256:669296f42ca7689b2e611a7b35951e2dd592be52482c3c935052c16cda45e7f2",
                "sha256:682a8580a5ff05b7bd0eeb4e27a5d8b3d441fde072119507eb42a514b5ddb91c",
                "sha256:6c43fca53697a8f1c59b90de2fae94c9086c2482ebb9575148fe58b986464512",
                "sha256:6d7fec6f2bad3961ad0a376b24bea9e0ba8b61606067f112af7fda48e0670281",
                "sha256:7249ef4707757ee68c86b663f9af1525a5f7d56f1de2a4f962d69b523e94f2a9",
                "sha256:767fe9aab135284cd8e8abe91a220b4fe552d6a8b2bbff247248d1ad8a21a7f5",
                "sha256:786c18cf61fbb2826ff6329537d78e7c7f04b323c8ff0c9035b2800bde502391",
                "sha256:79f9350a69be408ba77dcdde9d7a6c5467ccd1d497eeed19131c69420e8f2a28",
                "sha256:7de29719e0e22672a5fc1f0f0920dfaca2f9e6401fbd53cdfb03e2d6d7f168f6",
                "sha256:848e7a3c27380543d468ef3cc6ad62b484c3ba4743e8d90e45e6d1103b364790",
                "sha256:85a27a8dfad64730ecf8fc0b76c4188b3dac1d75406b9cfff995f98bddac752e",
                "sha256:8709f47cd0930298b0916755cb0b47edd70e3f88788e68bb2c560e8fdad515f4",
                "sha256:87af256798012466f4c586720f47ae4bde19a527e55967db67187ea1d6f5c5b3",
                "sha256:8a1b630f1bdd20daf771c481394561a0dc1d1e7e5cc935c2d241fb74cb41ab03",
                "sha256:8a1d981206a16240eedc79b51af3293575715d4b0b971f4eb47e24839d5ab440",
                "sha256:8d5746aa978d957e4ec6e8026d8d6ca87c6b9fa1872d3f645ea399cb1548ee9b",
                "sha256:8f4b45537f186c8c09fc4f5452e009f87113dc772ae08c9aa72ac29afa5e8e1a",
                "sha256:8f65b584d1fd70050735cfde61220935d734f39934224ac8daef0d2a9c4bd597",
                "sha256:90d127a6efd59f0c0d5cd43dfd8e44dea091579043c1d3d168071c8016aad82b",
                "sha256:92ae8169d84cbaa076429fa6c96f058df6cf77511484b8befeb3bb0f51c67c37",
                "sha256:92f58007727536c49087639a86f02a2bc15193d5a2e871dacc17985150e17d4c",
                "sha256:95a65cd23ab2bce88f1ef92a3e0011578a1873c455b66c2b4dab3d652a2199e3",
                "sha256:974146f723914ececb5cb3bb2fe5426cda4ec6674eef01e259081cf52cb9da1c",
                "sha256:9ab052ea977da904703bc5804846d48937c885b8272389c10a9d5b3cb4c4489c",
                "sha256:9aeaaa644d6cc2a1b4a776ea40ef968e9603ef036ee70b6540f19fc148d34827",
                "sha256:9bae8ff8c7eff442b43dea301e5478813848b547436b02a2aab93a3d61610101",
                "sha256:9cba2a0efae21ae1d0110ba287388db0f458fbc8dd7938e81700ac3c17ddd82e",
                "sha256:a883fae7e74081bca902217bb5de9879cd764c49abfb9a4ba4ee2a4ec31cb4de",
                "sha256:a9041641d154ea9f6253fd9cfaa8d66be887631999377da0ee9d8ba51bfff8b6",
                "sha256:ad45460b195a11db792bf9f43242ed35bce9b7b7f7bfd943d1ae7a320daf32ed",
                "sha256:b6bf4c1e676e98a1d756be24876e8bda1a127df873328e65438d3ec0b568c717",
                "sha256:bfe2d03a927d8362eda162f1e39e1ff86d60d38e4ffc6d2bd187af25f8b93613",
                "sha256:bff55383fcec45d765ebf2ac0c6662026ec836f378b0b1e5958f4cae882dfac3",
                "sha256:c4562eb5c22a7b6a1ec1a741c9b760d7922792c865dea47952f998c99a4d4770",
                "sha256:c9052cf9bbb9ef1b277171084f0bedf7b15c5875013c167c481b5adfffd9430b",
                "sha256:cb7295968ca4eaba2af3de1d664e9541b8c0e6808110285271bf90f3df720498",
                "sha256:cf56c63643e397184aefd0eddc30f99bcc0baea123cb0fd436c602bac854ec05",
                "sha256:d4056934bb9fd47385a37591138b8ccdce9fc1abb0b41a348d9d0707a6de48d8",
                "sha256:d5cb4f12385cbb281c8b59593984cb99c7c8859ba4e66a29b2ceff20bafe7a3b",
                "sha256:d7c5b982e00e361e8efaed89e1ffbc7991c4eab47c8bac8ea282ed8a0a2b8e3a",
                "sha256:e08dd3cd9f1b8cc211c92789f1bc820a73959656aaed107bcf2dac6a7c117bed",
                "sha256:e375e4624866cfee0289eef4f5ffbed671be28c54b3d00120e69e477e6a515c8",
                "sha256:ea54a668d87f471655a6603df82ef90a4e18ee14898e10e4763e843bae5156b0",
                "sha256:eb0b0c2de88d2f00e21afb8b6184a44439f36a596c522d6224f1bcceb8f74a6f",
                "sha256:eb926209a50854f556aa80a48d16d31bb96e2979af52fc7e4ba8aa92a031cd56",
                "sha256:eefe899fbc2bc96972caea985d01f6f3caf382c06efa64d64ee8f3d66b8aaea0",
                "sha256:f523a7474d07dd95484bccab539ca72d8cbdbe3d874e62005115b725a9dab681",
                "sha256:f9c2c3f714376b90b154d6b443e57930b47e4a5ddb7b5da8a740d70bfbcf8768",
                "sha256:f9dd256776d780ebd84a7499d6e882cb26a5196b9963d6fb836067184420ca9d"
            ],
            "markers": "python_version >= '3.9'",
            "version": "==4.6.1"
        },
        "pycparser": {
            "hashes": [
                "sha256:491c8be9c040f5390f5bf44a5b07752bd07f56edf992381b05c701439eec10f6",
                "sha256:c3702b6d3dd8c7abc1afa565d7e63d53a1d0bd86cdc24edd75470f4de499cfcc"
            ],
            "markers": "python_version >= '3.8'",
            "version": "==2.22"
        },
        "pynacl": {
            "hashes": [
                "sha256:06b8f6fa7f5de8d5d2f7573fe8c863c051225a27b61e6860fd047b1775807858",
                "sha256:0c84947a22519e013607c9be43706dd42513f9e6ae5d39d3613ca1e142fba44d",
                "sha256:20f42270d27e1b6a29f54032090b972d97f0a1b0948cc52392041ef7831fee93",
                "sha256:401002a4aaa07c9414132aaed7f6836ff98f59277a234704ff66878c2ee4a0d1",
                "sha256:52cb72a79269189d4e0dc537556f4740f7f0a9ec41c1322598799b0bdad4ef92",
                "sha256:61f642bf2378713e2c2e1de73444a3778e5f0a38be6fee0fe532fe30060282ff",
                "sha256:8ac7448f09ab85811607bdd21ec2464495ac8b7c66d146bf545b0f08fb9220ba",
                "sha256:a36d4a9dda1f19ce6e03c9a784a2921a4b726b02e1c736600ca9c22029474394",
                "sha256:a422368fc821589c228f4c49438a368831cb5bbc0eab5ebe1d7fac9dded6567b",
                "sha256:e46dae94e34b085175f8abb3b0aaa7da40767865ac82c928eeb9e57e1ea8a543"
            ],
            "markers": "python_version >= '3.6'",
            "version": "==1.5.0"
        }
    },
    "develop": {}
}
