version = 1
revision = 5
requires-python = ">=3.13"
resolution-markers = [
    "python_full_version >= '3.14'",
    "python_full_version < '3.14'",
]

[[package]]
name = "aiodns"
version = "4.0.4"
source = { registry = "https://pypi.org/simple" }
dependencies = [
    { name = "pycares" },
]
sdist = { url = "https://files.pythonhosted.org/packages/9b/22/a2d928e0e42baad0471d12ec44c71152ac870486e8298dddb2893b888c29/aiodns-4.0.4.tar.gz", hash = "sha256:cb10e0c0d2591636716ad2fe402e977c16d71bdaf76bb8cb49e8a6633596f736", size = 29918, upload-time = "2026-05-20T01:54:15.557Z" }
wheels = [
    { url = "https://files.pythonhosted.org/packages/7f/70/72e4ab117425ccdc4d10bd523a94c1baa051a15586057d64a4c6888f9e3f/aiodns-4.0.4-py3-none-any.whl", hash = "sha256:c24dd605bac70a1676ce503f967a98483ff163507198557d8e9db16267e6cfd2", size = 12696, upload-time = "2026-05-20T01:54:14.134Z" },
]

[[package]]
name = "authres"
version = "1.2.0"
source = { registry = "https://pypi.org/simple" }
sdist = { url = "https://files.pythonhosted.org/packages/6a/29/e28209b5d3d56c102845cca5a4a3abaf2724f79e83476a52b94d775ecce6/authres-1.2.0.tar.gz", hash = "sha256:93d1b995ad7ce21e62db649f361048125dd6022563a0ae8a23909465f1fd25b7", size = 23226, upload-time = "2019-08-03T19:38:00.494Z" }

[[package]]
name = "cffi"
version = "2.1.1"
source = { registry = "https://pypi.org/simple" }
dependencies = [
    { name = "pycparser", marker = "implementation_name != 'PyPy'" },
]
sdist = { url = "https://files.pythonhosted.org/packages/9e/ef/008a1939e372c06329a3fce4279c02f328488f3526744906eeec3da7ad5f/cffi-2.1.1.tar.gz", hash = "sha256:dd31f52ea1086513bb9df30f8fcee9b8918323ae067a3d5b78bc826a000712be", size = 530807, upload-time = "2026-08-03T21:21:18.939Z" }
wheels = [
    { url = "https://files.pythonhosted.org/packages/9d/f4/035513d4117049066b4779dc3b7c0c0fdad175fa13731c9f4003f1cd1478/cffi-2.1.1-cp313-cp313-ios_13_0_arm64_iphoneos.whl", hash = "sha256:b5bdfd1c873d4e093aabc0ca84c4ca6dbc4f752afb5c86f146d9742580c9da2e", size = 194248, upload-time = "2026-08-03T21:19:59.399Z" },
    { url = "https://files.pythonhosted.org/packages/76/af/2aeb4dbb5fc41a04161ae9ff1518de7cec08e164f44a8ce6a4cf7fd2cd1d/cffi-2.1.1-cp313-cp313-ios_13_0_arm64_iphonesimulator.whl", hash = "sha256:31348097ff5bbe827ccc41795d4dd099d9f0625e7def00ee653c137a490c2a6c", size = 196908, upload-time = "2026-08-03T21:20:00.746Z" },
    { url = "https://files.pythonhosted.org/packages/a7/46/2e5fdde8555706dd98139a910ca11be02809f3f605ce956f655d0214e100/cffi-2.1.1-cp313-cp313-macosx_10_15_x86_64.whl", hash = "sha256:9d2055050ea716bd38b7f7f1579c275386646b4894c155a3e2f3cd62ed41b7c6", size = 184805, upload-time = "2026-08-03T21:20:02.02Z" },
    { url = "https://files.pythonhosted.org/packages/55/41/4c7042f317b9217502988f0873af87e16ad606dc20f84e546e3e6ce9764c/cffi-2.1.1-cp313-cp313-macosx_11_0_arm64.whl", hash = "sha256:19ee6127ee34de7d83ce3d371ebc5ed91addbdcc39f9ab15ce4eb35a4e534971", size = 184764, upload-time = "2026-08-03T21:20:03.141Z" },
    { url = "https://files.pythonhosted.org/packages/43/1f/1c3d90d91811c8f86ced9ed637956c54bfe5b79ca98fe976d7f8c8979f6b/cffi-2.1.1-cp313-cp313-manylinux1_i686.manylinux2014_i686.manylinux_2_17_i686.manylinux_2_5_i686.whl", hash = "sha256:6a8dddef476fab96d066d578fc88526767b836ab5ab21754e1d5bf3879c31c7c", size = 214722, upload-time = "2026-08-03T21:20:04.377Z" },
    { url = "https://files.pythonhosted.org/packages/37/6f/3b5ce4c3b2192d250f04908f2bfd91ef34552ec8f7716a5d4abdb8d67bb2/cffi-2.1.1-cp313-cp313-manylinux2014_aarch64.manylinux_2_17_aarch64.whl", hash = "sha256:f16c709686a78c727bbbf059f92b0bf41c6fc60deec706d2dc19f529175a6125", size = 222369, upload-time = "2026-08-03T21:20:05.544Z" },
    { url = "https://files.pythonhosted.org/packages/02/10/4b3c75dde3d9663c9e02ba05c2668b954f671d4bbe346413ca8c696b295a/cffi-2.1.1-cp313-cp313-manylinux2014_ppc64le.manylinux_2_17_ppc64le.whl", hash = "sha256:fcd22650c908d7b7da162bbfaab594a1227a15d1643a98c68b122ac642fa2264", size = 210175, upload-time = "2026-08-03T21:20:06.75Z" },
    { url = "https://files.pythonhosted.org/packages/df/62/14f74b9543e605d17701dc797b815958b8bb70b7624ce1b832ddad48ed6c/cffi-2.1.1-cp313-cp313-manylinux2014_s390x.manylinux_2_17_s390x.whl", hash = "sha256:aa9511c62d14da7aacc9b4bf51f3f697a621e83b2d6919008243c3aad168eea3", size = 208670, upload-time = "2026-08-03T21:20:08.04Z" },
    { url = "https://files.pythonhosted.org/packages/95/95/86342356ff5953b3fb06f7ef7c5bee212d45e770abc7218d451b9148313c/cffi-2.1.1-cp313-cp313-manylinux2014_x86_64.manylinux_2_17_x86_64.whl", hash = "sha256:a931079504ecc49efed7744c476a5c343a92fabf66dec2db95edb1b2fdc770e2", size = 221824, upload-time = "2026-08-03T21:20:09.274Z" },
    { url = "https://files.pythonhosted.org/packages/eb/ff/7b3429ff53aafe931ed8a5fc69f481bbef7ba6de87ddcbb63d08f483f613/cffi-2.1.1-cp313-cp313-musllinux_1_2_aarch64.whl", hash = "sha256:a2d7755bef5a12ed488f4ef1f1b69ee9191d7396083b755a5d2295f6edb4768b", size = 225148, upload-time = "2026-08-03T21:20:10.7Z" },
    { url = "https://files.pythonhosted.org/packages/34/34/a95870b9221e09cf4f2ce3178b1a210abdfe63a1bd357da940418d7b8d15/cffi-2.1.1-cp313-cp313-musllinux_1_2_x86_64.whl", hash = "sha256:e0bcb7e0f677f543555d2adff3bf19c05f66cdb4796e5ff602442ab2fe3c4ef7", size = 223564, upload-time = "2026-08-03T21:20:12.165Z" },
    { url = "https://files.pythonhosted.org/packages/70/ea/839b50531021a647fb5e929f72cf97bc1ff702b5472166164b5b6e76b851/cffi-2.1.1-cp313-cp313-win32.whl", hash = "sha256:334644fbac4eff73d985a17a91226df55d0f394160c4cfb880e084c8f7161cac", size = 175263, upload-time = "2026-08-03T21:20:13.559Z" },
    { url = "https://files.pythonhosted.org/packages/60/a6/8b149b2c3f2e11aaa1618ef64500b45f50f22c57a977a4dff1aff1f91042/cffi-2.1.1-cp313-cp313-win_amd64.whl", hash = "sha256:1aa5645c30469b09530c4ebca77ebf8f17618293c58f8549cb1a543a50236e7d", size = 185688, upload-time = "2026-08-03T21:20:14.69Z" },
    { url = "https://files.pythonhosted.org/packages/01/9a/11f687cb39d6a3504060d5242f04f48c735afb4d3d533958a20594890cb2/cffi-2.1.1-cp313-cp313-win_arm64.whl", hash = "sha256:63bbfd5ded17c4840ac07cd8f1c21ba9d9708141f840b324f422f41b207e3973", size = 180078, upload-time = "2026-08-03T21:20:15.917Z" },
    { url = "https://files.pythonhosted.org/packages/d3/7b/d6bbf82b8b96e7391438898c42f5bd96dd02030fd5b64937d248220003e2/cffi-2.1.1-cp314-cp314-ios_13_0_arm64_iphoneos.whl", hash = "sha256:7dbb61fe3a7699468030f71bbe5f8a0e326a151daa91beb11a6fc1f980c55e1c", size = 194064, upload-time = "2026-08-03T21:20:17.148Z" },
    { url = "https://files.pythonhosted.org/packages/94/e6/bcc91b283be94735e268487a054004f0aa19947b6348fa367db53230abc8/cffi-2.1.1-cp314-cp314-ios_13_0_arm64_iphonesimulator.whl", hash = "sha256:f24fb43132a4c6b4cb4eb029492919b2db645be6808d738f244fd146c03c32cb", size = 196720, upload-time = "2026-08-03T21:20:18.268Z" },
    { url = "https://files.pythonhosted.org/packages/d9/99/c4b0c17cacdc9c3b8f280026286a9826d6a208c0f047591a3c3ce99b91fd/cffi-2.1.1-cp314-cp314-macosx_10_15_x86_64.whl", hash = "sha256:d28630f5854ab07ab1fd4aba756de52326c82e6be15d414b12793f1975048b54", size = 184964, upload-time = "2026-08-03T21:20:19.708Z" },
    { url = "https://files.pythonhosted.org/packages/b3/a9/9db617d05d7367c1ad0ab00b3aa6e6f9281edd689b4ee9ea0e5a84e89c97/cffi-2.1.1-cp314-cp314-macosx_11_0_arm64.whl", hash = "sha256:661c298b4821edebead0c91edd2b00374d67ad7c5a1f7a91d4442633b79d6a72", size = 184962, upload-time = "2026-08-03T21:20:20.833Z" },
    { url = "https://files.pythonhosted.org/packages/67/b8/b42132ca113dc567d37684437b46ca1dafc885902b02a110a02d5b511857/cffi-2.1.1-cp314-cp314-manylinux2014_aarch64.manylinux_2_17_aarch64.whl", hash = "sha256:58acb8ab8e295e6c5ea12f888cbb13cf21511ef2a3303a23f4325c29d17fe5c1", size = 222328, upload-time = "2026-08-03T21:20:22.118Z" },
    { url = "https://files.pythonhosted.org/packages/80/10/c5c0cbf0a657aecf59ef511409734230bf556f05a0d6c9eed7aa5c0a0166/cffi-2.1.1-cp314-cp314-manylinux2014_ppc64le.manylinux_2_17_ppc64le.whl", hash = "sha256:456a61fa52d579ebf9df2e9552ead5129855dbaff6c1e5a9b1bc408809bdc062", size = 209985, upload-time = "2026-08-03T21:20:23.401Z" },
    { url = "https://files.pythonhosted.org/packages/d5/6c/bfa0b87b03b9238148beca990292843c9396ba069b54496596594173de7b/cffi-2.1.1-cp314-cp314-manylinux2014_s390x.manylinux_2_17_s390x.whl", hash = "sha256:a4f00aa42f75d6e4595e8866e748cc1705adc0cddfeb2ca86d0d03993d63ba03", size = 208530, upload-time = "2026-08-03T21:20:24.628Z" },
    { url = "https://files.pythonhosted.org/packages/e9/02/4e7d553a7ac4b4238b38b3c1b80d486e9d4436f8d2acbf87a0997fe3f402/cffi-2.1.1-cp314-cp314-manylinux2014_x86_64.manylinux_2_17_x86_64.whl", hash = "sha256:b0431303acaea1089ad4b3e9ce4e6518193def1118d4073ca848635ee4ea2e96", size = 221525, upload-time = "2026-08-03T21:20:25.758Z" },
    { url = "https://files.pythonhosted.org/packages/82/1d/a4aaf9babd75acb4d5f223bff71533bee748dd770a382619a798960ee9ba/cffi-2.1.1-cp314-cp314-musllinux_1_2_aarch64.whl", hash = "sha256:64faea20f4e2613363a1a9b9c7dd73058f3ecd00133a511e72ad7c511658f527", size = 225053, upload-time = "2026-08-03T21:20:26.985Z" },
    { url = "https://files.pythonhosted.org/packages/81/10/5dc0e7bdd18e22107054288283380fc97a06ae3f1656a106908d666a3c88/cffi-2.1.1-cp314-cp314-musllinux_1_2_x86_64.whl", hash = "sha256:5c58fe613dc5e5336357eff555824a314d8e43282600435c8d1cb6a7a2fedd13", size = 223213, upload-time = "2026-08-03T21:20:28.277Z" },
    { url = "https://files.pythonhosted.org/packages/0b/e9/d0061c364cde06ee43168a0d076ac1da512cbc380d44767b844ba34fe2b6/cffi-2.1.1-cp314-cp314-win32.whl", hash = "sha256:1a18a57b58cfb21fc28d72e876acf10eaed67a1ed96226f92af4df681d571c4c", size = 177682, upload-time = "2026-08-03T21:20:44.288Z" },
    { url = "https://files.pythonhosted.org/packages/a7/06/1c3e01e3ba14c39f6d10bfbac52753b7e22259e38088e5cfe1d704918690/cffi-2.1.1-cp314-cp314-win_amd64.whl", hash = "sha256:3222ba5d678f80a030e6afbcc33dc1ae5cb45facabb61cee2c7016b8432fde48", size = 187949, upload-time = "2026-08-03T21:20:45.623Z" },
    { url = "https://files.pythonhosted.org/packages/87/5b/da4e39efe18eeb89cf580ea9cfc66b6a7c3eadb808fc0cc1d3a295cb5a5d/cffi-2.1.1-cp314-cp314-win_arm64.whl", hash = "sha256:ab36d55f9ed2d067327667c2fea18dda018eb628dd6347aa01dda6cf1f5d3836", size = 182947, upload-time = "2026-08-03T21:20:46.955Z" },
    { url = "https://files.pythonhosted.org/packages/23/59/40338bf421c5accea1d45158170c87006ef1cd371b05c077e76476949728/cffi-2.1.1-cp314-cp314t-macosx_10_15_x86_64.whl", hash = "sha256:7750c6449dff7864bb9bb27ddfb0267756189201a3afc911d82b3caacd70dfc3", size = 188504, upload-time = "2026-08-03T21:20:29.495Z" },
    { url = "https://files.pythonhosted.org/packages/7d/47/5ecf1023850036e674c77ec4de86182d309ae344e39e7cba984b7df5d647/cffi-2.1.1-cp314-cp314t-macosx_11_0_arm64.whl", hash = "sha256:0beceaabe56af686895136a2de78db54ecd8e4046b236b8fd6d6cb61389e9bf2", size = 188259, upload-time = "2026-08-03T21:20:31.291Z" },
    { url = "https://files.pythonhosted.org/packages/2a/9c/92934c3bea9f785b23eba304538c0b4d37a2a96d2431eb3a1bc87a11aa19/cffi-2.1.1-cp314-cp314t-manylinux2014_aarch64.manylinux_2_17_aarch64.whl", hash = "sha256:49cbc70e6542d4ccccb936558d1064a8012541e78f821f955cff24e357776c94", size = 223864, upload-time = "2026-08-03T21:20:32.571Z" },
    { url = "https://files.pythonhosted.org/packages/4d/45/ba4c93527bc38616a8bd36488acb69a2212d60486794f0c1f318949bbb76/cffi-2.1.1-cp314-cp314t-manylinux2014_ppc64le.manylinux_2_17_ppc64le.whl", hash = "sha256:e2d65b31f36619cda3999b78b2aa9632e76b78448e7a56fc4240824200e7c4fc", size = 211538, upload-time = "2026-08-03T21:20:33.808Z" },
    { url = "https://files.pythonhosted.org/packages/80/e9/b6ef565e452acb932fb0cb5443f44a78efbd1233e566f02b5a83855e9115/cffi-2.1.1-cp314-cp314t-manylinux2014_s390x.manylinux_2_17_s390x.whl", hash = "sha256:28907ab9bfb6aa13184cfc17c6b8e1023c5ab6fd7076d8c20a35e59fe04f8f29", size = 210688, upload-time = "2026-08-03T21:20:34.974Z" },
    { url = "https://files.pythonhosted.org/packages/9a/95/eff5f0cee78d2eabc7eebffec40d3fc1876b5f3c95582e018bb4b99601f2/cffi-2.1.1-cp314-cp314t-manylinux2014_x86_64.manylinux_2_17_x86_64.whl", hash = "sha256:51b31d1c98274844cfd7838ce00bfc27c7423a4dc00fc0772fc3331c2cc90676", size = 223803, upload-time = "2026-08-03T21:20:36.564Z" },
    { url = "https://files.pythonhosted.org/packages/fa/01/579d39fb8bef00a335a23d83757b44feb24cd6345a2c451b64cb67b9c362/cffi-2.1.1-cp314-cp314t-musllinux_1_2_aarch64.whl", hash = "sha256:5e7cecbaadb83884793e05828cee59b210b24583b9c7425d0ba6a754fe22eb4e", size = 226763, upload-time = "2026-08-03T21:20:37.816Z" },
    { url = "https://files.pythonhosted.org/packages/8d/b0/0b44f47c60b01b57b6e2bbd92343f13a85a1d93bc46ccf6e47e244acd99c/cffi-2.1.1-cp314-cp314t-musllinux_1_2_x86_64.whl", hash = "sha256:25792eac27877609e7bb06d42ff88278a6624fff2ba9bbb523c09616b117e80f", size = 225688, upload-time = "2026-08-03T21:20:38.959Z" },
    { url = "https://files.pythonhosted.org/packages/eb/d2/3b7176cb570a1d3e27faf67b72f591af508036e0d8b2be2ef9af9e8c84bb/cffi-2.1.1-cp314-cp314t-win32.whl", hash = "sha256:8ef53b2de9bcb9197d31854256575d59dbac0cba72ac627bb291ef5eceb74be4", size = 182868, upload-time = "2026-08-03T21:20:40.388Z" },
    { url = "https://files.pythonhosted.org/packages/56/78/31f00c1bcd97c9bbf55f1bfdf5bc809a5de8887473e90bb9960dca825e80/cffi-2.1.1-cp314-cp314t-win_amd64.whl", hash = "sha256:616f097f2fe415bc92a247f02e11f634e1f9e9a83d327e3c915c15089c87869e", size = 194104, upload-time = "2026-08-03T21:20:41.725Z" },
    { url = "https://files.pythonhosted.org/packages/7b/1b/58496f2ed0a35de575250c02a43ab3cc2c04d494a88fed31c1cabc0fd176/cffi-2.1.1-cp314-cp314t-win_arm64.whl", hash = "sha256:ad2c86c495b899d862ea0f4b42891b8713a3bd45dd4105c7fd51c2a72f39f3a5", size = 186402, upload-time = "2026-08-03T21:20:43.042Z" },
    { url = "https://files.pythonhosted.org/packages/c1/8f/9ebe220eab48a093d1a5a5e339ab0dc7316eef3bb04d63c42f0251b61f50/cffi-2.1.1-cp315-cp315-ios_13_0_arm64_iphoneos.whl", hash = "sha256:dddad92b554513a31f272570678ba307fb9f618f05e3d4a5eacafff9eae03e1d", size = 194043, upload-time = "2026-08-03T21:20:48.179Z" },
    { url = "https://files.pythonhosted.org/packages/ff/69/844bad3ece306c4782c2ecb93597035b6690d48704b803914c199da1e8b3/cffi-2.1.1-cp315-cp315-ios_13_0_arm64_iphonesimulator.whl", hash = "sha256:da0e573f9f97159390c89d9f1a9e41908b66d408cc5b58d08cf3847d844c531b", size = 196737, upload-time = "2026-08-03T21:20:49.457Z" },
    { url = "https://files.pythonhosted.org/packages/1b/8a/af668013284634733f02d683458a0728739c7d6ddb5e14cb0c20832266fe/cffi-2.1.1-cp315-cp315-macosx_10_15_x86_64.whl", hash = "sha256:fb92203a88b3d3053034db775110081c49d28be6551923805e039924093761e4", size = 184933, upload-time = "2026-08-03T21:20:50.639Z" },
    { url = "https://files.pythonhosted.org/packages/0c/75/2f5207ff6d1a613133b23a5203cc0c2a628313b5eb3974d7956ae3c57950/cffi-2.1.1-cp315-cp315-macosx_11_0_arm64.whl", hash = "sha256:2ae64be792b8966f2c69538199728b290e34726562896df1e5dc8ffd8d8188e8", size = 185002, upload-time = "2026-08-03T21:20:52.173Z" },
    { url = "https://files.pythonhosted.org/packages/e2/31/9e1313b0a6e30e91b3b3d3fff51ae99c857c07738e3afcce1f7334e1b7ab/cffi-2.1.1-cp315-cp315-manylinux2014_aarch64.manylinux_2_17_aarch64.whl", hash = "sha256:507a24c282e0f42f8ed737cf048572cbf580468da5555764a8331735e9c736b6", size = 222271, upload-time = "2026-08-03T21:20:53.462Z" },
    { url = "https://files.pythonhosted.org/packages/50/e3/f6234a833e6e08c7007003074723c406559eecf9b48dfc97471e5a8eb7a0/cffi-2.1.1-cp315-cp315-manylinux2014_ppc64le.manylinux_2_17_ppc64le.whl", hash = "sha256:246fa40ce8645a614ff682e0b70f37134e460eaf93a775e0cbe3cca585a67a80", size = 209919, upload-time = "2026-08-03T21:20:54.783Z" },
    { url = "https://files.pythonhosted.org/packages/0d/fc/5f74e293fced6edb51af3a46c4ccf6c23c9943774ecb375ddbd522c76add/cffi-2.1.1-cp315-cp315-manylinux2014_s390x.manylinux_2_17_s390x.whl", hash = "sha256:471cee653ae88de62096552e6d24ccb4a5adb8c8c9f10b5054d0122c15bf2779", size = 208529, upload-time = "2026-08-03T21:20:56.066Z" },
    { url = "https://files.pythonhosted.org/packages/44/16/29e6d01b388bef055ecd6ca8244b3f4d336bd09e92d5d892187b9601084e/cffi-2.1.1-cp315-cp315-manylinux2014_x86_64.manylinux_2_17_x86_64.whl", hash = "sha256:aeae0e330c9f6acd681f647d46cefd30c29f93e3392882e792e82080c9691399", size = 221630, upload-time = "2026-08-03T21:20:57.336Z" },
    { url = "https://files.pythonhosted.org/packages/a4/18/fa7f1f6857d5eb88a4ca99ffcbfb7c387a287ccc154c64a73e86314745d7/cffi-2.1.1-cp315-cp315-musllinux_1_2_aarch64.whl", hash = "sha256:42a494cee34437f05546455144f2b5d9ac09b1face62bcfce597d2e521066688", size = 225134, upload-time = "2026-08-03T21:20:58.675Z" },
    { url = "https://files.pythonhosted.org/packages/e0/9f/e8e3dfa04a1b4c241f8c91faacad872b4d4efd051d49764ad4e2fd4b9fea/cffi-2.1.1-cp315-cp315-musllinux_1_2_x86_64.whl", hash = "sha256:cc572dace3f60ef98d7b12ff411d20f5362feb31a0439eab0085bbfd349982d7", size = 223197, upload-time = "2026-08-03T21:20:59.968Z" },
    { url = "https://files.pythonhosted.org/packages/f8/7e/8debeb04f1ab9fe2a6963964cd6f1aaf7192627b83926586a6a4e089c9fa/cffi-2.1.1-cp315-cp315-win32.whl", hash = "sha256:4f42141fc14250de6dde5ee7ea4432be017252d91f19c5ad043c084cea629cac", size = 177683, upload-time = "2026-08-03T21:21:14.901Z" },
    { url = "https://files.pythonhosted.org/packages/e0/31/5158704cc474ab65c1647932e88be78dc0873f47130e253be38bcaf13d01/cffi-2.1.1-cp315-cp315-win_amd64.whl", hash = "sha256:e6e8cff14d6fb0be70a09c0bdc58096f501952d04624ebf867e0e56da2df8960", size = 187897, upload-time = "2026-08-03T21:21:16.108Z" },
    { url = "https://files.pythonhosted.org/packages/cc/4b/b3a2da8570c704ffc0f9762cdc3ec0f02c8573798e0b5cf7f11c82bbb70f/cffi-2.1.1-cp315-cp315-win_arm64.whl", hash = "sha256:27350daa11d4f10c540e6e89dada4c54feb7256ad03e9a4dc075ebad7ba360d1", size = 182935, upload-time = "2026-08-03T21:21:17.271Z" },
    { url = "https://files.pythonhosted.org/packages/d0/ef/5443574510a1207e6f6bc38ba6e1f1de36cb48fef07b2728bb896a21f430/cffi-2.1.1-cp315-cp315t-macosx_10_15_x86_64.whl", hash = "sha256:c26608d2222fb1e94487e4a387d85f13eb55d5ed725cb25a0c589ac4ee60e7bc", size = 188464, upload-time = "2026-08-03T21:21:01.163Z" },
    { url = "https://files.pythonhosted.org/packages/7e/ae/a56fa8c4686ad50e148fcbc8d3ae0d03915ff5c30d795058988c24118cef/cffi-2.1.1-cp315-cp315t-macosx_11_0_arm64.whl", hash = "sha256:4be96343e422f2dfcd12ab5c9f5aebe03f82f737c6bffeca6830b3875cb44aab", size = 188262, upload-time = "2026-08-03T21:21:02.382Z" },
    { url = "https://files.pythonhosted.org/packages/53/b2/6187f46f2912276a3ae284076109cc5c8680482f11f766ccf26db4a86427/cffi-2.1.1-cp315-cp315t-manylinux2014_aarch64.manylinux_2_17_aarch64.whl", hash = "sha256:937c0052c05a31ca1daf18de3158eed4dbfcb9cc107adbea227728d647be701e", size = 223779, upload-time = "2026-08-03T21:21:03.553Z" },
    { url = "https://files.pythonhosted.org/packages/8a/f6/c3ad28bd19f77047a03084424fbd4cbe997303267c14423737324be0385d/cffi-2.1.1-cp315-cp315t-manylinux2014_ppc64le.manylinux_2_17_ppc64le.whl", hash = "sha256:df423d40ee8654634421812bc3b196da3f9bd7d32929da813f8394c4348a5358", size = 211520, upload-time = "2026-08-03T21:21:04.863Z" },
    { url = "https://files.pythonhosted.org/packages/a0/cd/ccac9013a5bd9fd764de118674ab9c805b5ca10c19270d90ee273f8b2240/cffi-2.1.1-cp315-cp315t-manylinux2014_s390x.manylinux_2_17_s390x.whl", hash = "sha256:a730a083190634c65cca36ba5f489531576ebd79bcd5c8e172130f6453127231", size = 210673, upload-time = "2026-08-03T21:21:06.223Z" },
    { url = "https://files.pythonhosted.org/packages/52/86/2976131c639aead931c5bee5aba67e4b09fbeb8018b6f282f70803f923a7/cffi-2.1.1-cp315-cp315t-manylinux2014_x86_64.manylinux_2_17_x86_64.whl", hash = "sha256:363e05fa78e15116c3c32c210ee36884fd6b9afa6d440e47112c3bd511d64cb6", size = 223835, upload-time = "2026-08-03T21:21:07.539Z" },
    { url = "https://files.pythonhosted.org/packages/ac/0c/33a7aeab2f9c76918c52e084beb39c570db3588133412929e8ec06fab90b/cffi-2.1.1-cp315-cp315t-musllinux_1_2_aarch64.whl", hash = "sha256:770de9db11e84213beec501cfcaa013b019820ca881e03344dea5844f7876d94", size = 226705, upload-time = "2026-08-03T21:21:08.774Z" },
    { url = "https://files.pythonhosted.org/packages/e3/26/2cde30fdde421130bfc18f70395731a6e6b2053c6a1978a5258ff04e72fa/cffi-2.1.1-cp315-cp315t-musllinux_1_2_x86_64.whl", hash = "sha256:7da0c5eff80f0197f3b3d1232ec5a682a9325f4ae9016a78f5f5ca35f9ced1f5", size = 225539, upload-time = "2026-08-03T21:21:09.911Z" },
    { url = "https://files.pythonhosted.org/packages/6d/cd/a361394c94b2129d604bb846f624a8e88255a3ee33129c434a00d715e64f/cffi-2.1.1-cp315-cp315t-win32.whl", hash = "sha256:06c72bb76605a4b0cd0aad6930b69d4baf7dd5d806cfc409b824191099700e66", size = 182707, upload-time = "2026-08-03T21:21:11.226Z" },
    { url = "https://files.pythonhosted.org/packages/9b/b5/ba2b299993c26577d529b6ae29841f9e15b9fcf004d65f423f4fcf94ade9/cffi-2.1.1-cp315-cp315t-win_amd64.whl", hash = "sha256:d9c275eaacd24aa73f94ffd6de08fc3f932424d8b6c376f4bed7cde376fe7bc3", size = 193772, upload-time = "2026-08-03T21:21:12.39Z" },
    { url = "https://files.pythonhosted.org/packages/aa/29/35e016098c814cd93de9cd320c66b5bfba14dc6ecedd3cb518fa7c408c69/cffi-2.1.1-cp315-cp315t-win_arm64.whl", hash = "sha256:d18e5ac0f2f03f4f518d3e23db0f0cad7faa1da8620e9c09461d443bbf6e6692", size = 186360, upload-time = "2026-08-03T21:21:13.636Z" },
]

[[package]]
name = "dkimpy"
version = "1.1.8"
source = { registry = "https://pypi.org/simple" }
dependencies = [
    { name = "dnspython" },
]
sdist = { url = "https://files.pythonhosted.org/packages/f0/6f/84e91828186bbfcedd7f9385ef5e0d369632444195c20e08951b7ffe0481/dkimpy-1.1.8.tar.gz", hash = "sha256:b5f60fb47bbf5d8d762f134bcea0c388eba6b498342a682a21f1686545094b77", size = 66979, upload-time = "2024-07-04T22:16:38.321Z" }

[package.optional-dependencies]
arc = [
    { name = "authres" },
]
asyncio = [
    { name = "aiodns" },
]
ed25519 = [
    { name = "pynacl" },
]

[[package]]
name = "dkimpy-project"
source = { virtual = "." }
dependencies = [
    { name = "dkimpy", extra = ["arc", "asyncio", "ed25519"] },
]

[package.metadata]
requires-dist = [{ name = "dkimpy", extras = ["arc", "asyncio", "ed25519"] }]

[[package]]
name = "dnspython"
version = "2.8.0"
source = { registry = "https://pypi.org/simple" }
sdist = { url = "https://files.pythonhosted.org/packages/8c/8b/57666417c0f90f08bcafa776861060426765fdb422eb10212086fb811d26/dnspython-2.8.0.tar.gz", hash = "sha256:181d3c6996452cb1189c4046c61599b84a5a86e099562ffde77d26984ff26d0f", size = 368251, upload-time = "2025-09-07T18:58:00.022Z" }
wheels = [
    { url = "https://files.pythonhosted.org/packages/ba/5a/18ad964b0086c6e62e2e7500f7edc89e3faa45033c71c1893d34eed2b2de/dnspython-2.8.0-py3-none-any.whl", hash = "sha256:01d9bbc4a2d76bf0db7c1f729812ded6d912bd318d3b1cf81d30c0f845dbf3af", size = 331094, upload-time = "2025-09-07T18:57:58.071Z" },
]

[[package]]
name = "pycares"
version = "5.1.0"
source = { registry = "https://pypi.org/simple" }
dependencies = [
    { name = "cffi" },
]
sdist = { url = "https://files.pythonhosted.org/packages/3f/b9/8f8389df1dfe3c9f6b5b02cfab60781685d146bee529e7628b77a1df7e9c/pycares-5.1.0.tar.gz", hash = "sha256:4ae0712df072773a3193b23f124d9458d6b2054a22c9ea0059c9dff6b8f91050", size = 674882, upload-time = "2026-10-05T09:19:05.662Z" }
wheels = [
    { url = "https://files.pythonhosted.org/packages/32/46/03989213a1047d7fd5f206d4d502d0ccdacfca3ec4a88e3dd8b4926d3ea7/pycares-5.1.0-cp313-cp313-macosx_10_13_x86_64.whl", hash = "sha256:39bdac0f894fa96e0f4d8b5640ecc1020dd66c88e7fa1e8682674fa7c6106305", size = 137647, upload-time = "2026-10-05T09:18:11.596Z" },
    { url = "https://files.pythonhosted.org/packages/3c/ee/f5225ac36bd54ab1b7db754a212ee861fb257f6ecfaaba385efe4572847d/pycares-5.1.0-cp313-cp313-macosx_11_0_arm64.whl", hash = "sha256:2936ead35f9f9f832efc77ad4cd2d09ac55a72dae5667da3c97ae94c367bc632", size = 132590, upload-time = "2026-10-05T09:18:12.737Z" },
    { url = "https://files.pythonhosted.org/packages/64/57/c18db94183827da5d8bfe33441a3c8b6779c676ecf91c09c661a404dd459/pycares-5.1.0-cp313-cp313-manylinux_2_26_aarch64.manylinux_2_28_aarch64.whl", hash = "sha256:1a96d8123963c963ce8e6fba995f91fd12f7593fa92a168c58e1c678223d0178", size = 223256, upload-time = "2026-10-05T09:18:13.83Z" },
    { url = "https://files.pythonhosted.org/packages/65/05/7030084cb7ea3fa19fab224e044a35d93d9edfb9e938a12ada501f422574/pycares-5.1.0-cp313-cp313-manylinux_2_26_ppc64le.manylinux_2_28_ppc64le.whl", hash = "sha256:2d8621a1e22669b1d8b45fe7f7ac084ee11c6d62f99f570e2e18639685a3ebdc", size = 254911, upload-time = "2026-10-05T09:18:14.93Z" },
    { url = "https://files.pythonhosted.org/packages/9c/24/6f7a561c4c0dbff525d27ca76901ba55efe0ed22e575759435fde1599dca/pycares-5.1.0-cp313-cp313-manylinux_2_26_s390x.manylinux_2_28_s390x.whl", hash = "sha256:4417d350bb43836d842348adf133fb1d6c2224681033eaee90d41401649927ce", size = 241751, upload-time = "2026-10-05T09:18:16.082Z" },
    { url = "https://files.pythonhosted.org/packages/07/47/9d0d521803498fdf9de5df398975cf27d68d64044c09a5a9096f499a1fc3/pycares-5.1.0-cp313-cp313-manylinux_2_26_x86_64.manylinux_2_28_x86_64.whl", hash = "sha256:15bdb6f7c8cc029876007f5e6bf16af400449a946e19e2771568b2b4742db784", size = 226158, upload-time = "2026-10-05T09:18:17.171Z" },
    { url = "https://files.pythonhosted.org/packages/7f/ab/cc1030b9963d6f9f5ff13f815e3c3e46aacf004e36935e7a76952ac81556/pycares-5.1.0-cp313-cp313-manylinux_2_38_riscv64.manylinux_2_39_riscv64.whl", hash = "sha256:36cf8b0b7f793cbc1118b517e0606c6a614e529925df230613e9d671a96f4d0a", size = 223361, upload-time = "2026-10-05T09:18:18.326Z" },
    { url = "https://files.pythonhosted.org/packages/2c/5c/29cc515e4f58a237f454ef192708dbda8af0c0ad8c0659bd89862c79f158/pycares-5.1.0-cp313-cp313-musllinux_1_2_aarch64.whl", hash = "sha256:185e620b2776ab63c941e9382cd77e65abe248e4e54a929305650e3477e02505", size = 225985, upload-time = "2026-10-05T09:18:19.683Z" },
    { url = "https://files.pythonhosted.org/packages/bb/78/1dd8e7a93b49314af01c4f9b51b4580bd7b546100665590bdf6ea3f73974/pycares-5.1.0-cp313-cp313-musllinux_1_2_ppc64le.whl", hash = "sha256:95d4a365fc995e1c5b16f6d7b4bfaab21ecf7773d0d492e793d699f6d4d3f21c", size = 255043, upload-time = "2026-10-05T09:18:21.083Z" },
    { url = "https://files.pythonhosted.org/packages/9b/76/b5ca8c24f6ccdd202d82a6597bcffcd673483d88ca25379e9866e0681c8a/pycares-5.1.0-cp313-cp313-musllinux_1_2_riscv64.whl", hash = "sha256:513707b178e93bc0602a01e2ebdce8bc5bb085d44677a978d4f0296f4cdea42e", size = 222762, upload-time = "2026-10-05T09:18:22.469Z" },
    { url = "https://files.pythonhosted.org/packages/89/b6/af2ef8660e3f90c9e805d412f9a34423aca4db352a36d8f5b89a68dcc314/pycares-5.1.0-cp313-cp313-musllinux_1_2_s390x.whl", hash = "sha256:70b40f4227029427b10bc6098e0caf4940f9a2f318d3ba22b22638364d6e4191", size = 240277, upload-time = "2026-10-05T09:18:23.618Z" },
    { url = "https://files.pythonhosted.org/packages/40/80/4ebbd61f1ab759b79f653f020998d74ebef0d3e6cee2d43486eeb1f76791/pycares-5.1.0-cp313-cp313-musllinux_1_2_x86_64.whl", hash = "sha256:b329c322060379d4a3dc27177a01b86fb1c5aba4dbca1651f3ffabce337a4eb9", size = 226141, upload-time = "2026-10-05T09:18:24.68Z" },
    { url = "https://files.pythonhosted.org/packages/32/a2/495601eaed15c53445bfa17ab1db22f8452e1f3657dc7556ad539c4e6dd5/pycares-5.1.0-cp313-cp313-win_amd64.whl", hash = "sha256:8fc7e7c131820fb52c7b81798fb180bd3fdb51d5d364c7209caf45492370909b", size = 118000, upload-time = "2026-10-05T09:18:25.754Z" },
    { url = "https://files.pythonhosted.org/packages/e6/3c/e3becebcc9221b98853d889223504faa469ee1295ca64f9f755e310b9cf6/pycares-5.1.0-cp313-cp313-win_arm64.whl", hash = "sha256:654efd40ea17329b612d28df24683cb49ec504ebfb7732edcbcfb313550a82bc", size = 113476, upload-time = "2026-10-05T09:18:26.855Z" },
    { url = "https://files.pythonhosted.org/packages/11/90/12bf1dbf1ff4d4304f70006cf81573ea826252715e50e2f99c4e1a0a929b/pycares-5.1.0-cp314-cp314-macosx_10_15_x86_64.whl", hash = "sha256:403a7bf09e07e37fee3a9b6c996a448edb35d7beea7554e8629deaf20e9c159e", size = 137976, upload-time = "2026-10-05T09:18:28.003Z" },
    { url = "https://files.pythonhosted.org/packages/52/a8/aba1ff9d79eb02f9f495599e0546ca3264c7132b0f04c8b3ec11fc20efb4/pycares-5.1.0-cp314-cp314-macosx_11_0_arm64.whl", hash = "sha256:c8a692186808a23676fa6a314f4904a9da848574e496dd9dfc21e72dc0d7ca3d", size = 132600, upload-time = "2026-10-05T09:18:29.173Z" },
    { url = "https://files.pythonhosted.org/packages/a6/b0/873df657f313f88d1512ecaec706e51b4b93d22c0722d5a20d063a4ac207/pycares-5.1.0-cp314-cp314-manylinux_2_26_aarch64.manylinux_2_28_aarch64.whl", hash = "sha256:42bb2338b01d007af80cdb39b484109366a7bdbd80a718bd3e55fbdb56bca637", size = 223190, upload-time = "2026-10-05T09:18:30.304Z" },
    { url = "https://files.pythonhosted.org/packages/38/cf/79da0395ac580ddd61baebc4f05dac3cb6b4d4dd449c9b765e1ce65587b3/pycares-5.1.0-cp314-cp314-manylinux_2_26_ppc64le.manylinux_2_28_ppc64le.whl", hash = "sha256:680b54ad8b7cb52b96b9d410bddf4af075d67d797e3b1e61ed1fd6f13b441011", size = 255009, upload-time = "2026-10-05T09:18:31.486Z" },
    { url = "https://files.pythonhosted.org/packages/d0/69/10c1b1abd69e7b431d9e06d93f1eba4c28d8111ac72f01482781e914b8b9/pycares-5.1.0-cp314-cp314-manylinux_2_26_s390x.manylinux_2_28_s390x.whl", hash = "sha256:6b6b7e9149f9febd04f084da3cd525746ab2ead5b0deb8b70d78fb13cfb65bd3", size = 241975, upload-time = "2026-10-05T09:18:32.756Z" },
    { url = "https://files.pythonhosted.org/packages/d5/3e/dc2df4e4e9ca439049f3e494a70ac51e7fde7e6e1f504e8c84fcb71282f8/pycares-5.1.0-cp314-cp314-manylinux_2_26_x86_64.manylinux_2_28_x86_64.whl", hash = "sha256:f0c9216ed7be9f32da40545e001b490654be6815210fea9b0fe923bd2b2c825d", size = 225780, upload-time = "2026-10-05T09:18:34.087Z" },
    { url = "https://files.pythonhosted.org/packages/91/2b/1c84b96a23ee73984048d34a68c8828049dad8ff27aa22fd8d6c9076323f/pycares-5.1.0-cp314-cp314-manylinux_2_38_riscv64.manylinux_2_39_riscv64.whl", hash = "sha256:cf7a2901afb7762d9052a33924f011f67c966c1fd02f857fc887f647b6fd5eac", size = 223362, upload-time = "2026-10-05T09:18:35.405Z" },
    { url = "https://files.pythonhosted.org/packages/2c/9d/ed7afb4d1483b9034104bd1d3dc1539590c3367ec45ef754c98afe263e85/pycares-5.1.0-cp314-cp314-musllinux_1_2_aarch64.whl", hash = "sha256:6eb9eda2a823ad9001f15dc37ba03ac157b5047f6b7feb79a91e90b1966e45be", size = 225760, upload-time = "2026-10-05T09:18:36.703Z" },
    { url = "https://files.pythonhosted.org/packages/02/22/d409001e2992cbe13d0250366313c715276f38a5b0d40dc3a001cbe13dea/pycares-5.1.0-cp314-cp314-musllinux_1_2_ppc64le.whl", hash = "sha256:ca0d81fee895fa339f36dee8bb4dc739ab75a5840e8b25ba2aea19eb162c163c", size = 254978, upload-time = "2026-10-05T09:18:37.904Z" },
    { url = "https://files.pythonhosted.org/packages/ce/f7/04e1df3f021db31ec11d5c74f241baa8b1547deda16ce06e60cc5dbada7a/pycares-5.1.0-cp314-cp314-musllinux_1_2_riscv64.whl", hash = "sha256:fe4aabcd990dd2011ba54c7df20cee7d25a85f1f39a6e05e72b7c3528bf885bd", size = 222762, upload-time = "2026-10-05T09:18:39.297Z" },
    { url = "https://files.pythonhosted.org/packages/0f/2e/df980b6ce9f03805ccc9890a8acc8a7a213d467f0e9fc7704962a39c674c/pycares-5.1.0-cp314-cp314-musllinux_1_2_s390x.whl", hash = "sha256:3e4e5178e5183abd2d57bcaf015f5006c8d78c8e8b7ee4488df99fdc3cbff89a", size = 240387, upload-time = "2026-10-05T09:18:40.747Z" },
    { url = "https://files.pythonhosted.org/packages/9d/2b/f0d745b963bfc5259a31c833aed641b013f108877d7556914ddbd05a6d95/pycares-5.1.0-cp314-cp314-musllinux_1_2_x86_64.whl", hash = "sha256:1c09fe25c6c5e94b0a21f84d1905a693352167319b7adc3c100e7004cf39ef4a", size = 226173, upload-time = "2026-10-05T09:18:41.996Z" },
    { url = "https://files.pythonhosted.org/packages/8e/14/000fb378193c6da4bbb29748164292ab54a1e5a66027d23b694f7d2b8d64/pycares-5.1.0-cp314-cp314-win_amd64.whl", hash = "sha256:ff9f1f42a566b97c7f31cf2b8ca5001e7498913542316fee986ae08f3c0f10ff", size = 121424, upload-time = "2026-10-05T09:18:43.098Z" },
    { url = "https://files.pythonhosted.org/packages/cd/6d/a3f678b95129a65740f87404c25026a6374a3422a9e3b1e633e36e9dd5b4/pycares-5.1.0-cp314-cp314-win_arm64.whl", hash = "sha256:b3b85192f3bde745147ff8827da842be08554a143fd651fb097f4093bc3a583f", size = 117834, upload-time = "2026-10-05T09:18:44.239Z" },
    { url = "https://files.pythonhosted.org/packages/bb/49/e7042cdf7db9f5435205161718f69d334cbd3daecc97f71c1b01eb32f54a/pycares-5.1.0-cp314-cp314t-macosx_10_15_x86_64.whl", hash = "sha256:4abb82fb4d5fb2df52767410a355d22949c172328afa9a96ac307e9017350f0a", size = 138426, upload-time = "2026-10-05T09:18:45.438Z" },
    { url = "https://files.pythonhosted.org/packages/52/34/1c6627cf371a80409baa52e4f17f1f8e34e88e8d09e98fe9a6c58551ab34/pycares-5.1.0-cp314-cp314t-macosx_11_0_arm64.whl", hash = "sha256:73f2ec02b9848fdfb23c9aebf0257c48347a342a6eec25d88775356354435515", size = 133066, upload-time = "2026-10-05T09:18:46.644Z" },
    { url = "https://files.pythonhosted.org/packages/8c/d5/72164ee24a4921af15d7225976328045b1029be3ae2a1b5d8dc976d5c579/pycares-5.1.0-cp314-cp314t-manylinux_2_26_aarch64.manylinux_2_28_aarch64.whl", hash = "sha256:2bc21acc43b27046abb7f91e449e0cb010ce3b5dc123fb9e73072a0a4f7fff4d", size = 232475, upload-time = "2026-10-05T09:18:47.849Z" },
    { url = "https://files.pythonhosted.org/packages/66/c2/3dbd5e8e810a471a4bb68574170d90ed4beddc3f9193584664b1081bd2c0/pycares-5.1.0-cp314-cp314t-manylinux_2_26_ppc64le.manylinux_2_28_ppc64le.whl", hash = "sha256:4f8ae8b36773cef0fd195e12df41b5386b7c045a9100005f4de023d786e8b9f5", size = 264009, upload-time = "2026-10-05T09:18:49.339Z" },
    { url = "https://files.pythonhosted.org/packages/b8/fc/aef0f5307bf7dd8eaaf26a77042d1b527fc028a6e48f3a299bea1bbad1c5/pycares-5.1.0-cp314-cp314t-manylinux_2_26_s390x.manylinux_2_28_s390x.whl", hash = "sha256:4c7eecea7cbf5c6de2cf289520ac84c5c3e963be48d8f779f2a144264fe5820e", size = 250247, upload-time = "2026-10-05T09:18:50.648Z" },
    { url = "https://files.pythonhosted.org/packages/92/2a/c7cf181db8462712e690b497196a551f647f970fb2dac6b8f822bcd0dd3f/pycares-5.1.0-cp314-cp314t-manylinux_2_26_x86_64.manylinux_2_28_x86_64.whl", hash = "sha256:5c334d2e32651b1eff24271368149ae2fa0a0f8dd9bda2bbc3e6181497f92a4e", size = 234527, upload-time = "2026-10-05T09:18:52.34Z" },
    { url = "https://files.pythonhosted.org/packages/5c/2a/3dc7668a6d7b86155fa2c6fb6a7a72c9230e704165b12cf781825af3e2b4/pycares-5.1.0-cp314-cp314t-manylinux_2_38_riscv64.manylinux_2_39_riscv64.whl", hash = "sha256:ac3140c766375cbcb10e19a1542550b3b6206998502cc3024ec2e7d427993b92", size = 230960, upload-time = "2026-10-05T09:18:54.2Z" },
    { url = "https://files.pythonhosted.org/packages/a3/a7/3dfef562d552501c35f138124bdcc2f68ca08bec54d17920cd868f321f16/pycares-5.1.0-cp314-cp314t-musllinux_1_2_aarch64.whl", hash = "sha256:a942fb1879dfd5f6149cbf6698bbffa7c60d47682ab902abf0442410fdad8557", size = 234946, upload-time = "2026-10-05T09:18:55.688Z" },
    { url = "https://files.pythonhosted.org/packages/6d/b0/36fd4ffecfb4e1e245bda80fdf94ff659eb0ab923e0c72ed6fad2888f969/pycares-5.1.0-cp314-cp314t-musllinux_1_2_ppc64le.whl", hash = "sha256:2f1cbff1ce81a265d3d26aa6d85a3c7c4fe9cb1f4a03c403c0208474408b52eb", size = 264293, upload-time = "2026-10-05T09:18:57.052Z" },
    { url = "https://files.pythonhosted.org/packages/8c/bf/6cc6cce2ab6a41151e068416ffc327297c23d57d353c0e8fe68779f7fa50/pycares-5.1.0-cp314-cp314t-musllinux_1_2_riscv64.whl", hash = "sha256:57afb937c40dd62e95f0e1794527cc9c1393c0778f04eecdb3a7a1282ba6488b", size = 230654, upload-time = "2026-10-05T09:18:58.34Z" },
    { url = "https://files.pythonhosted.org/packages/31/9c/275e8857fa5f6eba04ad69548d247e79787fa855cce04fd9e480a580cbae/pycares-5.1.0-cp314-cp314t-musllinux_1_2_s390x.whl", hash = "sha256:a76559d8aa850fbaed908ae61a17f5e796434ee246a1fcbdc842e099646ae9f8", size = 248328, upload-time = "2026-10-05T09:18:59.641Z" },
    { url = "https://files.pythonhosted.org/packages/79/2c/445d3b91935900578e80ea1eccbd5313d5cbe17646b4be5465e5193210bf/pycares-5.1.0-cp314-cp314t-musllinux_1_2_x86_64.whl", hash = "sha256:ff1fa70f8f1ae77783d08186d1ca53c24dcb143feec22dc06a28d0daba268a53", size = 234502, upload-time = "2026-10-05T09:19:01.049Z" },
    { url = "https://files.pythonhosted.org/packages/21/ae/ca5dde99089568daef9fa4410d1356730955ead59eb9641037300fef3952/pycares-5.1.0-cp314-cp314t-win_amd64.whl", hash = "sha256:9aa0fd12ae5a6da310d91171c531307db01c3ad610c70f1d327895b70e72149d", size = 121724, upload-time = "2026-10-05T09:19:02.804Z" },
    { url = "https://files.pythonhosted.org/packages/7b/f2/e7e6beaba977f91c6cda5e7e617ad94db2a542fcb17663d2a37b8c021334/pycares-5.1.0-cp314-cp314t-win_arm64.whl", hash = "sha256:bf378d447b0d6f4764dbc398dddca96f1fa042b94abfa5f459435c058b44107d", size = 118273, upload-time = "2026-10-05T09:19:04.26Z" },
]

[[package]]
name = "pycparser"
version = "3.0"
source = { registry = "https://pypi.org/simple" }
sdist = { url = "https://files.pythonhosted.org/packages/1b/7d/92392ff7815c21062bea51aa7b87d45576f649f16458d78b7cf94b9ab2e6/pycparser-3.0.tar.gz", hash = "sha256:600f49d217304a5902ac3c37e1281c9fe94e4d0489de643a9504c5cdfdfc6b29", size = 103492, upload-time = "2026-01-21T14:26:51.89Z" }
wheels = [
    { url = "https://files.pythonhosted.org/packages/0c/c3/44f3fbbfa403ea2a7c779186dc20772604442dde72947e7d01069cbe98e3/pycparser-3.0-py3-none-any.whl", hash = "sha256:b727414169a36b7d524c1c3e31839a521725078d7b2ff038656844266160a992", size = 48172, upload-time = "2026-01-21T14:26:50.693Z" },
]

[[package]]
name = "pynacl"
version = "1.6.2"
source = { registry = "https://pypi.org/simple" }
dependencies = [
    { name = "cffi", marker = "platform_python_implementation != 'PyPy'" },
]
sdist = { url = "https://files.pythonhosted.org/packages/d9/9a/4019b524b03a13438637b11538c82781a5eda427394380381af8f04f467a/pynacl-1.6.2.tar.gz", hash = "sha256:018494d6d696ae03c7e656e5e74cdfd8ea1326962cc401bcf018f1ed8436811c", size = 3511692, upload-time = "2026-01-01T17:48:10.851Z" }
wheels = [
    { url = "https://files.pythonhosted.org/packages/4b/79/0e3c34dc3c4671f67d251c07aa8eb100916f250ee470df230b0ab89551b4/pynacl-1.6.2-cp314-cp314t-macosx_10_10_universal2.whl", hash = "sha256:622d7b07cc5c02c666795792931b50c91f3ce3c2649762efb1ef0d5684c81594", size = 390064, upload-time = "2026-01-01T17:31:57.264Z" },
    { url = "https://files.pythonhosted.org/packages/eb/1c/23a26e931736e13b16483795c8a6b2f641bf6a3d5238c22b070a5112722c/pynacl-1.6.2-cp314-cp314t-manylinux2014_aarch64.manylinux_2_17_aarch64.whl", hash = "sha256:d071c6a9a4c94d79eb665db4ce5cedc537faf74f2355e4d502591d850d3913c0", size = 809370, upload-time = "2026-01-01T17:31:59.198Z" },
    { url = "https://files.pythonhosted.org/packages/87/74/8d4b718f8a22aea9e8dcc8b95deb76d4aae380e2f5b570cc70b5fd0a852d/pynacl-1.6.2-cp314-cp314t-manylinux2014_x86_64.manylinux_2_17_x86_64.whl", hash = "sha256:fe9847ca47d287af41e82be1dd5e23023d3c31a951da134121ab02e42ac218c9", size = 1408304, upload-time = "2026-01-01T17:32:01.162Z" },
    { url = "https://files.pythonhosted.org/packages/fd/73/be4fdd3a6a87fe8a4553380c2b47fbd1f7f58292eb820902f5c8ac7de7b0/pynacl-1.6.2-cp314-cp314t-manylinux_2_26_aarch64.manylinux_2_28_aarch64.whl", hash = "sha256:04316d1fc625d860b6c162fff704eb8426b1a8bcd3abacea11142cbd99a6b574", size = 844871, upload-time = "2026-01-01T17:32:02.824Z" },
    { url = "https://files.pythonhosted.org/packages/55/ad/6efc57ab75ee4422e96b5f2697d51bbcf6cdcc091e66310df91fbdc144a8/pynacl-1.6.2-cp314-cp314t-manylinux_2_26_x86_64.manylinux_2_28_x86_64.whl", hash = "sha256:44081faff368d6c5553ccf55322ef2819abb40e25afaec7e740f159f74813634", size = 1446356, upload-time = "2026-01-01T17:32:04.452Z" },
    { url = "https://files.pythonhosted.org/packages/78/b7/928ee9c4779caa0a915844311ab9fb5f99585621c5d6e4574538a17dca07/pynacl-1.6.2-cp314-cp314t-manylinux_2_34_aarch64.whl", hash = "sha256:a9f9932d8d2811ce1a8ffa79dcbdf3970e7355b5c8eb0c1a881a57e7f7d96e88", size = 826814, upload-time = "2026-01-01T17:32:06.078Z" },
    { url = "https://files.pythonhosted.org/packages/f7/a9/1bdba746a2be20f8809fee75c10e3159d75864ef69c6b0dd168fc60e485d/pynacl-1.6.2-cp314-cp314t-manylinux_2_34_x86_64.whl", hash = "sha256:bc4a36b28dd72fb4845e5d8f9760610588a96d5a51f01d84d8c6ff9849968c14", size = 1411742, upload-time = "2026-01-01T17:32:07.651Z" },
    { url = "https://files.pythonhosted.org/packages/f3/2f/5e7ea8d85f9f3ea5b6b87db1d8388daa3587eed181bdeb0306816fdbbe79/pynacl-1.6.2-cp314-cp314t-musllinux_1_2_aarch64.whl", hash = "sha256:3bffb6d0f6becacb6526f8f42adfb5efb26337056ee0831fb9a7044d1a964444", size = 801714, upload-time = "2026-01-01T17:32:09.558Z" },
    { url = "https://files.pythonhosted.org/packages/06/ea/43fe2f7eab5f200e40fb10d305bf6f87ea31b3bbc83443eac37cd34a9e1e/pynacl-1.6.2-cp314-cp314t-musllinux_1_2_x86_64.whl", hash = "sha256:2fef529ef3ee487ad8113d287a593fa26f48ee3620d92ecc6f1d09ea38e0709b", size = 1372257, upload-time = "2026-01-01T17:32:11.026Z" },
    { url = "https://files.pythonhosted.org/packages/4d/54/c9ea116412788629b1347e415f72195c25eb2f3809b2d3e7b25f5c79f13a/pynacl-1.6.2-cp314-cp314t-win32.whl", hash = "sha256:a84bf1c20339d06dc0c85d9aea9637a24f718f375d861b2668b2f9f96fa51145", size = 231319, upload-time = "2026-01-01T17:32:12.46Z" },
    { url = "https://files.pythonhosted.org/packages/ce/04/64e9d76646abac2dccf904fccba352a86e7d172647557f35b9fe2a5ee4a1/pynacl-1.6.2-cp314-cp314t-win_amd64.whl", hash = "sha256:320ef68a41c87547c91a8b58903c9caa641ab01e8512ce291085b5fe2fcb7590", size = 244044, upload-time = "2026-01-01T17:32:13.781Z" },
    { url = "https://files.pythonhosted.org/packages/33/33/7873dc161c6a06f43cda13dec67b6fe152cb2f982581151956fa5e5cdb47/pynacl-1.6.2-cp314-cp314t-win_arm64.whl", hash = "sha256:d29bfe37e20e015a7d8b23cfc8bd6aa7909c92a1b8f41ee416bbb3e79ef182b2", size = 188740, upload-time = "2026-01-01T17:32:15.083Z" },
    { url = "https://files.pythonhosted.org/packages/be/7b/4845bbf88e94586ec47a432da4e9107e3fc3ce37eb412b1398630a37f7dd/pynacl-1.6.2-cp38-abi3-macosx_10_10_universal2.whl", hash = "sha256:c949ea47e4206af7c8f604b8278093b674f7c79ed0d4719cc836902bf4517465", size = 388458, upload-time = "2026-01-01T17:32:16.829Z" },
    { url = "https://files.pythonhosted.org/packages/1e/b4/e927e0653ba63b02a4ca5b4d852a8d1d678afbf69b3dbf9c4d0785ac905c/pynacl-1.6.2-cp38-abi3-manylinux2014_aarch64.manylinux_2_17_aarch64.whl", hash = "sha256:8845c0631c0be43abdd865511c41eab235e0be69c81dc66a50911594198679b0", size = 800020, upload-time = "2026-01-01T17:32:18.34Z" },
    { url = "https://files.pythonhosted.org/packages/7f/81/d60984052df5c97b1d24365bc1e30024379b42c4edcd79d2436b1b9806f2/pynacl-1.6.2-cp38-abi3-manylinux2014_x86_64.manylinux_2_17_x86_64.whl", hash = "sha256:22de65bb9010a725b0dac248f353bb072969c94fa8d6b1f34b87d7953cf7bbe4", size = 1399174, upload-time = "2026-01-01T17:32:20.239Z" },
    { url = "https://files.pythonhosted.org/packages/68/f7/322f2f9915c4ef27d140101dd0ed26b479f7e6f5f183590fd32dfc48c4d3/pynacl-1.6.2-cp38-abi3-manylinux_2_26_aarch64.manylinux_2_28_aarch64.whl", hash = "sha256:46065496ab748469cdd999246d17e301b2c24ae2fdf739132e580a0e94c94a87", size = 835085, upload-time = "2026-01-01T17:32:22.24Z" },
    { url = "https://files.pythonhosted.org/packages/3e/d0/f301f83ac8dbe53442c5a43f6a39016f94f754d7a9815a875b65e218a307/pynacl-1.6.2-cp38-abi3-manylinux_2_26_x86_64.manylinux_2_28_x86_64.whl", hash = "sha256:8a66d6fb6ae7661c58995f9c6435bda2b1e68b54b598a6a10247bfcdadac996c", size = 1437614, upload-time = "2026-01-01T17:32:23.766Z" },
    { url = "https://files.pythonhosted.org/packages/c4/58/fc6e649762b029315325ace1a8c6be66125e42f67416d3dbd47b69563d61/pynacl-1.6.2-cp38-abi3-manylinux_2_34_aarch64.whl", hash = "sha256:26bfcd00dcf2cf160f122186af731ae30ab120c18e8375684ec2670dccd28130", size = 818251, upload-time = "2026-01-01T17:32:25.69Z" },
    { url = "https://files.pythonhosted.org/packages/c9/a8/b917096b1accc9acd878819a49d3d84875731a41eb665f6ebc826b1af99e/pynacl-1.6.2-cp38-abi3-manylinux_2_34_x86_64.whl", hash = "sha256:c8a231e36ec2cab018c4ad4358c386e36eede0319a0c41fed24f840b1dac59f6", size = 1402859, upload-time = "2026-01-01T17:32:27.215Z" },
    { url = "https://files.pythonhosted.org/packages/85/42/fe60b5f4473e12c72f977548e4028156f4d340b884c635ec6b063fe7e9a5/pynacl-1.6.2-cp38-abi3-musllinux_1_2_aarch64.whl", hash = "sha256:68be3a09455743ff9505491220b64440ced8973fe930f270c8e07ccfa25b1f9e", size = 791926, upload-time = "2026-01-01T17:32:29.314Z" },
    { url = "https://files.pythonhosted.org/packages/fa/f9/e40e318c604259301cc091a2a63f237d9e7b424c4851cafaea4ea7c4834e/pynacl-1.6.2-cp38-abi3-musllinux_1_2_x86_64.whl", hash = "sha256:8b097553b380236d51ed11356c953bf8ce36a29a3e596e934ecabe76c985a577", size = 1363101, upload-time = "2026-01-01T17:32:31.263Z" },
    { url = "https://files.pythonhosted.org/packages/48/47/e761c254f410c023a469284a9bc210933e18588ca87706ae93002c05114c/pynacl-1.6.2-cp38-abi3-win32.whl", hash = "sha256:5811c72b473b2f38f7e2a3dc4f8642e3a3e9b5e7317266e4ced1fba85cae41aa", size = 227421, upload-time = "2026-01-01T17:32:33.076Z" },
    { url = "https://files.pythonhosted.org/packages/41/ad/334600e8cacc7d86587fe5f565480fde569dfb487389c8e1be56ac21d8ac/pynacl-1.6.2-cp38-abi3-win_amd64.whl", hash = "sha256:62985f233210dee6548c223301b6c25440852e13d59a8b81490203c3227c5ba0", size = 239754, upload-time = "2026-01-01T17:32:34.557Z" },
    { url = "https://files.pythonhosted.org/packages/29/7d/5945b5af29534641820d3bd7b00962abbbdfee84ec7e19f0d5b3175f9a31/pynacl-1.6.2-cp38-abi3-win_arm64.whl", hash = "sha256:834a43af110f743a754448463e8fd61259cd4ab5bbedcf70f9dabad1d28a394c", size = 184801, upload-time = "2026-01-01T17:32:36.309Z" },
]
