version = 1
revision = 3
requires-python = ">=3.13"

[[package]]
name = "certifi"
version = "2026.6.17"
source = { registry = "https://pypi.org/simple" }
sdist = { url = "https://files.pythonhosted.org/packages/c9/c7/424b75da314c1045981bd9777432fad05a9e0c69daa4ed7e308bbaffe405/certifi-2026.6.17.tar.gz", hash = "sha256:024c88eeec92ca068db80f02b8b07c9cef7b9fe261d1d535abfd5abd6f6af432", size = 134594, upload-time = "2026-06-17T10:31:07.894Z" }
wheels = [
    { url = "https://files.pythonhosted.org/packages/ef/2f/c5464532e965badff2f4c4c1a3a83f5697f0d7c407ed0cda44aaa99bb451/certifi-2026.6.17-py3-none-any.whl", hash = "sha256:2227dcbaafe0d2f59279d1762ddddc37783ed4354594f194ffc31d20f41fc3db", size = 133289, upload-time = "2026-06-17T10:31:06.348Z" },
]

[[package]]
name = "charset-normalizer"
version = "3.4.8"
source = { registry = "https://pypi.org/simple" }
sdist = { url = "https://files.pythonhosted.org/packages/20/56/10a88e00039537d74bd420f0457c52ab8f58a1af56126e3b9f1b1c8c4724/charset_normalizer-3.4.8.tar.gz", hash = "sha256:d9bf144d6faf12c70d58e47f7512992ae2882b820031d6cef68152deb645bf2d", size = 151790, upload-time = "2026-07-06T15:27:58.477Z" }
wheels = [
    { url = "https://files.pythonhosted.org/packages/11/49/fe5a8572a70cd9cba79f80af9388ac8c5c914ed4459b956f940244e499a5/charset_normalizer-3.4.8-cp313-cp313-macosx_10_13_universal2.whl", hash = "sha256:057f8609f7341618c98e5aa9a6109fa116acff2a658497d47ab3325b5e8f2b08", size = 317424, upload-time = "2026-07-06T15:26:32.23Z" },
    { url = "https://files.pythonhosted.org/packages/e5/59/d71c96616b6825425a876f79f38fa440db30b32cc1166179a839f6259150/charset_normalizer-3.4.8-cp313-cp313-manylinux2014_aarch64.manylinux_2_17_aarch64.manylinux_2_28_aarch64.whl", hash = "sha256:c591f9a82adc5b89a039b90df74e43de2b9177fb46771172bed7b80722a70db0", size = 214723, upload-time = "2026-07-06T15:26:33.635Z" },
    { url = "https://files.pythonhosted.org/packages/c6/35/dc9eeb297f19b7b6ada39709ccb74937e6c51f0947958ae601a977cedd5d/charset_normalizer-3.4.8-cp313-cp313-manylinux2014_ppc64le.manylinux_2_17_ppc64le.manylinux_2_28_ppc64le.whl", hash = "sha256:5b56f449132d9adefe55b87635d05177a914ed5d070438a74725e1d77a280002", size = 236200, upload-time = "2026-07-06T15:26:34.99Z" },
    { url = "https://files.pythonhosted.org/packages/0a/37/6775fe852b4acad8bf7e0575fbe8aa9f41b546e33251acbded3c04a6b0d9/charset_normalizer-3.4.8-cp313-cp313-manylinux2014_s390x.manylinux_2_17_s390x.manylinux_2_28_s390x.whl", hash = "sha256:1004c3b5831a301dadfb9e916f38e78e2ff3e08db24a1ad7c354db8ee3dea9c3", size = 231740, upload-time = "2026-07-06T15:26:36.498Z" },
    { url = "https://files.pythonhosted.org/packages/e4/28/1bcc3f5f3bac81532384adcfcdd9362c7f46a188a19deacc1ddaf7bdaa00/charset_normalizer-3.4.8-cp313-cp313-manylinux2014_x86_64.manylinux_2_17_x86_64.manylinux_2_28_x86_64.whl", hash = "sha256:60883e22821d17c9e5b4f3ca1ef8074f766e3db28791f851b665929c515635c0", size = 222888, upload-time = "2026-07-06T15:26:38.161Z" },
    { url = "https://files.pythonhosted.org/packages/47/81/9f3993ca62ef090c58059da641e49e3129e74700a6a3beb58436cdb8d4b9/charset_normalizer-3.4.8-cp313-cp313-manylinux_2_31_armv7l.whl", hash = "sha256:21e4dbb942c8a6342e2685f232dd2a7bc73465697bd26ead4f118271d28be383", size = 207649, upload-time = "2026-07-06T15:26:39.628Z" },
    { url = "https://files.pythonhosted.org/packages/11/f4/679f636bcbdc2d53d06b1f4039be310450dca95a9f76bbf22f09985556e8/charset_normalizer-3.4.8-cp313-cp313-manylinux_2_31_riscv64.manylinux_2_39_riscv64.whl", hash = "sha256:84bcae14c65e645ca66b661339183d32b8c846a17c96e3e81ab3d346e1c498d4", size = 218908, upload-time = "2026-07-06T15:26:40.911Z" },
    { url = "https://files.pythonhosted.org/packages/7e/44/96e8c81867ba8a45ff893c8e7474c2d6b9633f7aa663da7901d040214d3e/charset_normalizer-3.4.8-cp313-cp313-musllinux_1_2_aarch64.whl", hash = "sha256:b4e4d44b8287aa13a25e16e29393d494b0643b24894f7c8266c6f6788dd36337", size = 217096, upload-time = "2026-07-06T15:26:42.148Z" },
    { url = "https://files.pythonhosted.org/packages/a5/bf/4d53f04f29bdb22601701f4f9f4d038edfb27976c296fcb7400c02736a6e/charset_normalizer-3.4.8-cp313-cp313-musllinux_1_2_armv7l.whl", hash = "sha256:f68545d1b267dbfafd5d253b6d1cb161562c4e61ab25b5c4cdb7d9e5923e441e", size = 209355, upload-time = "2026-07-06T15:26:43.557Z" },
    { url = "https://files.pythonhosted.org/packages/ad/60/92b3f630798d777fa880ad289a3f9f2fc663e4b4beb24783c53318820254/charset_normalizer-3.4.8-cp313-cp313-musllinux_1_2_x86_64.whl", hash = "sha256:1936e48214adea74922a20c8ab41b1393ae27cc9e329eb1f0b937d3416824f36", size = 224732, upload-time = "2026-07-06T15:26:44.892Z" },
    { url = "https://files.pythonhosted.org/packages/bd/85/eafa0a3c7bb6fe9f02f4c7901f02071933cac85ee634197e17280818c6de/charset_normalizer-3.4.8-cp313-cp313-win32.whl", hash = "sha256:1f8e3521860187d597f3867d8466da225b9179ea2833bb26de1bb026144d07c3", size = 150358, upload-time = "2026-07-06T15:26:46.153Z" },
    { url = "https://files.pythonhosted.org/packages/f5/8c/879fafff7b47bb1166d289f2d2472cb31b9922f9f4ca1f392edf85ec16be/charset_normalizer-3.4.8-cp313-cp313-win_amd64.whl", hash = "sha256:8b654b6f52a0a9a6be38e88f3e1dc68f1093ebeb2abbadafc7c82da0786a34be", size = 161685, upload-time = "2026-07-06T15:26:47.423Z" },
    { url = "https://files.pythonhosted.org/packages/c3/46/b57c7e778a7b578f28d35fd38544687d4f8d9c019585eebc5ad936073fad/charset_normalizer-3.4.8-cp313-cp313-win_arm64.whl", hash = "sha256:d2d5a250ee26e29468b7607d97479221b069fa8aaf6f929ac84ec0e962e15154", size = 152333, upload-time = "2026-07-06T15:26:48.689Z" },
    { url = "https://files.pythonhosted.org/packages/1c/bc/0a8540b8cd494951cca1428606373942803f5ffcec40fe798f819c5a8adb/charset_normalizer-3.4.8-cp314-cp314-macosx_10_15_universal2.whl", hash = "sha256:77e993ecf65f21ab1f82266ff5e84a7de2c879e7d9b8bc006009df83f22a1d5e", size = 316993, upload-time = "2026-07-06T15:26:49.962Z" },
    { url = "https://files.pythonhosted.org/packages/0e/99/a0868f0a1f0a045fd374d1f2cf7042d8ad5d7fb4dd1f4ac7365e319f7e32/charset_normalizer-3.4.8-cp314-cp314-manylinux2014_aarch64.manylinux_2_17_aarch64.manylinux_2_28_aarch64.whl", hash = "sha256:524939917f17f6de502dfda30b472550965740d7f126659d4c4f8dd1569cce22", size = 215638, upload-time = "2026-07-06T15:26:51.338Z" },
    { url = "https://files.pythonhosted.org/packages/e8/e9/43c4d09a09b5557cc5fe1d87c9d96f86a3942aec0517d2b5408cef87ca75/charset_normalizer-3.4.8-cp314-cp314-manylinux2014_ppc64le.manylinux_2_17_ppc64le.manylinux_2_28_ppc64le.whl", hash = "sha256:a4508989ba8e2ce43ef989453d18188b261546e8188cbdd4ef451fb9e4c3b467", size = 236456, upload-time = "2026-07-06T15:26:52.531Z" },
    { url = "https://files.pythonhosted.org/packages/e2/67/492ca98b3ab785b736b5da10c1bc233e1c8fec6c0cdb29b482c38bfc52a2/charset_normalizer-3.4.8-cp314-cp314-manylinux2014_s390x.manylinux_2_17_s390x.manylinux_2_28_s390x.whl", hash = "sha256:9e44127f7d11eee4548ad2cdf1f4e1b6eaaddd5cb92d15ad65f6ecc9bcf403ab", size = 232253, upload-time = "2026-07-06T15:26:53.838Z" },
    { url = "https://files.pythonhosted.org/packages/2d/fd/1e6eff58c14f1aace1e26d80defbeaea2d35e075dbe4b611111ee4b47fa8/charset_normalizer-3.4.8-cp314-cp314-manylinux2014_x86_64.manylinux_2_17_x86_64.manylinux_2_28_x86_64.whl", hash = "sha256:bb90317359f7e67bb6df615999a95e0980877468e617ddce8b6c2f8e7fe60d95", size = 222886, upload-time = "2026-07-06T15:26:55.009Z" },
    { url = "https://files.pythonhosted.org/packages/40/7a/90056a5326b0c4b9a3f924d337729c344c11542e5bc7191e50410db61587/charset_normalizer-3.4.8-cp314-cp314-manylinux_2_31_armv7l.whl", hash = "sha256:35d9e7a9c960520ae89d1f4e305d1c047a74dea2e0f73a0e84f879356c2e8776", size = 206482, upload-time = "2026-07-06T15:26:56.306Z" },
    { url = "https://files.pythonhosted.org/packages/18/ff/94761d31a33878dbb5008ddbd918615061fcf5c0a612aa3075450e60f628/charset_normalizer-3.4.8-cp314-cp314-manylinux_2_31_riscv64.manylinux_2_39_riscv64.whl", hash = "sha256:92e322b054c7ff886f78feab7360736bb45de2e18cf4a0ee84e8fc5a08d53a19", size = 218929, upload-time = "2026-07-06T15:26:57.422Z" },
    { url = "https://files.pythonhosted.org/packages/2b/dc/00b9675acd7c4b926b9102ee3f0d1a570ce943901be73b87485001393fe1/charset_normalizer-3.4.8-cp314-cp314-musllinux_1_2_aarch64.whl", hash = "sha256:3c0086d97094363556206dc3bcf43f7edcfc043ea7a568a46f45efea74858bd1", size = 218069, upload-time = "2026-07-06T15:26:58.719Z" },
    { url = "https://files.pythonhosted.org/packages/04/11/94ada5a0482ee4bf688d04be4c7d6fd945d37370d04a95671040dfe2b416/charset_normalizer-3.4.8-cp314-cp314-musllinux_1_2_armv7l.whl", hash = "sha256:0752c849b51198267df2aba013c4de3a2955bd014a4fd70828809946c1acbc0c", size = 207146, upload-time = "2026-07-06T15:27:00.058Z" },
    { url = "https://files.pythonhosted.org/packages/7c/f7/246bd36762207ab4752cd436b64e5d81a1668b15ddea7b5b2d0e8545e727/charset_normalizer-3.4.8-cp314-cp314-musllinux_1_2_x86_64.whl", hash = "sha256:2a4707e09eca11e81ece4fced600c5a0a801f568b962244f6f517bc274745fc9", size = 224896, upload-time = "2026-07-06T15:27:01.599Z" },
    { url = "https://files.pythonhosted.org/packages/6f/f7/3510622d1fbe13b0ebf827c475e40a27e2be427140d792878b63ab6425cc/charset_normalizer-3.4.8-cp314-cp314-win32.whl", hash = "sha256:8ea67f427c073ae3da0923aa55f3715131fa613a61a7f2f8d762bde75eaf00ae", size = 150851, upload-time = "2026-07-06T15:27:02.964Z" },
    { url = "https://files.pythonhosted.org/packages/32/2b/9ce65dd21672b55cf800cca5f4433afa1586fda1d78731067ec9ec544c62/charset_normalizer-3.4.8-cp314-cp314-win_amd64.whl", hash = "sha256:ff71018850863362e5c7533769d0a9f77715c31af1502d523630ce822922f5c9", size = 162549, upload-time = "2026-07-06T15:27:04.249Z" },
    { url = "https://files.pythonhosted.org/packages/2f/34/9a5967eed666a88f31a0866884606d9ec3c2cd6091e2ccd7e0b4c4176c35/charset_normalizer-3.4.8-cp314-cp314-win_arm64.whl", hash = "sha256:44464e66f4da2f21dea7145c7693f9f60717ca4794a954dea5bf8c2c932678bd", size = 153079, upload-time = "2026-07-06T15:27:05.608Z" },
    { url = "https://files.pythonhosted.org/packages/02/4f/aa44cc81d8987f105352c74c0bf919007f8b80e9880d28bcf0393c1a816e/charset_normalizer-3.4.8-cp314-cp314t-macosx_10_15_universal2.whl", hash = "sha256:50a0c2e58ad2c203adb616fef28941b7e13716adbc25e0dfaeec29f5afe6382f", size = 338586, upload-time = "2026-07-06T15:27:06.86Z" },
    { url = "https://files.pythonhosted.org/packages/1d/2b/b0392e2b235c08ff0623d905c2ee8ac820620544043c1ce92ce0b3d64c55/charset_normalizer-3.4.8-cp314-cp314t-manylinux2014_aarch64.manylinux_2_17_aarch64.manylinux_2_28_aarch64.whl", hash = "sha256:8a1e589fdb95c76f08288bbb346230cdd8994db74903db6637b380f7b5fc9336", size = 222764, upload-time = "2026-07-06T15:27:08.23Z" },
    { url = "https://files.pythonhosted.org/packages/a2/a1/7d466879190731f5559662c22232646f2ae2dace2323c3e5aefcf78d458a/charset_normalizer-3.4.8-cp314-cp314t-manylinux2014_ppc64le.manylinux_2_17_ppc64le.manylinux_2_28_ppc64le.whl", hash = "sha256:b3d7c887444c5a7ef0d68d358d81e758a850bc626f8e639e2ca5667153272b20", size = 241331, upload-time = "2026-07-06T15:27:09.512Z" },
    { url = "https://files.pythonhosted.org/packages/70/17/8b89e797137aa28c8fb0bafbafc243246a7afe21620a13b00e37624ece1d/charset_normalizer-3.4.8-cp314-cp314t-manylinux2014_s390x.manylinux_2_17_s390x.manylinux_2_28_s390x.whl", hash = "sha256:65c389b96c0cfff3a3f0458fa1c7ce554a30e23101a88a49f03997afce6a929f", size = 239323, upload-time = "2026-07-06T15:27:10.86Z" },
    { url = "https://files.pythonhosted.org/packages/d7/98/1c1940730ed22d50983be4e243c722c89d5136d6f073bd840d1128bfddcb/charset_normalizer-3.4.8-cp314-cp314t-manylinux2014_x86_64.manylinux_2_17_x86_64.manylinux_2_28_x86_64.whl", hash = "sha256:593403fc47dcdf55e2987b2e3cc2e064127e2b908929f1f18b2e4a4652cbd780", size = 229964, upload-time = "2026-07-06T15:27:12.113Z" },
    { url = "https://files.pythonhosted.org/packages/53/2d/bb8e81b7ff603d3f77e9a8a5d1ad34fcabbf3c54d300c29d99fba581fa23/charset_normalizer-3.4.8-cp314-cp314t-manylinux_2_31_armv7l.whl", hash = "sha256:606088e9fa2b7469ab9c42d4da8e05a415622a07714edd2fcd8fed48dda4c853", size = 212405, upload-time = "2026-07-06T15:27:13.447Z" },
    { url = "https://files.pythonhosted.org/packages/ce/1f/e52a3a53b13da591bb8f21d29e63877268eadf20686b7762351d4b89062c/charset_normalizer-3.4.8-cp314-cp314t-manylinux_2_31_riscv64.manylinux_2_39_riscv64.whl", hash = "sha256:0317406326fed512f42a1632ad91a96228a7616c06547666a6dd79967f1bd6ca", size = 226918, upload-time = "2026-07-06T15:27:14.89Z" },
    { url = "https://files.pythonhosted.org/packages/e8/f9/32996d79c57189af9722fe618f46d8a86b7be035ca98887b8d0c3821f141/charset_normalizer-3.4.8-cp314-cp314t-musllinux_1_2_aarch64.whl", hash = "sha256:b67d50ee47e5c57a0064a9cb575b963a7125819dfd1fd094d44d378fff94659b", size = 225113, upload-time = "2026-07-06T15:27:16.125Z" },
    { url = "https://files.pythonhosted.org/packages/d6/d2/9248c18e695696513774523a794cfb8b677521ce9ad7554d301cb10a9b20/charset_normalizer-3.4.8-cp314-cp314t-musllinux_1_2_armv7l.whl", hash = "sha256:79e402b869f270140afa5e2b0e2ac100585358d812fe3dd093d424f7a72964e0", size = 214966, upload-time = "2026-07-06T15:27:17.418Z" },
    { url = "https://files.pythonhosted.org/packages/1e/9d/4b19432d406179a40f924691906ee5b15ac664b408971c973295192444ea/charset_normalizer-3.4.8-cp314-cp314t-musllinux_1_2_x86_64.whl", hash = "sha256:2970b9f7ab69ec3a0423ec6b6ac718e79fbf4a282c0bc103ef88c1ef50dfa15a", size = 231699, upload-time = "2026-07-06T15:27:19.131Z" },
    { url = "https://files.pythonhosted.org/packages/be/41/bdbdf71e8c3ccff10ef3cc2bb9467a7fdb3dc94b9a406d1a3c44afd39632/charset_normalizer-3.4.8-cp314-cp314t-win32.whl", hash = "sha256:458c2972a78043b7261c9726670029f15f722e70669bcbe961153a01968f589f", size = 155333, upload-time = "2026-07-06T15:27:20.681Z" },
    { url = "https://files.pythonhosted.org/packages/bd/f8/e05c69323bd50091ec39f5f885385b884624b0131a6885a0c83a6217ba7a/charset_normalizer-3.4.8-cp314-cp314t-win_amd64.whl", hash = "sha256:0c926329a1df7cd56d7d8349fe354460d20aefd2e394c9e159e479d018b2b359", size = 167378, upload-time = "2026-07-06T15:27:22.042Z" },
    { url = "https://files.pythonhosted.org/packages/c2/04/cbaf1a2f5e2bbf70760e774380cbf052b10849fc35e770905df31af5cf00/charset_normalizer-3.4.8-cp314-cp314t-win_arm64.whl", hash = "sha256:2232baea80a2b01783679fed4e625ccdb19a974f44c9cf0fba21a777a4c8179c", size = 157782, upload-time = "2026-07-06T15:27:23.312Z" },
    { url = "https://files.pythonhosted.org/packages/23/52/d5bee5b6ea81882d549b566d2545b044bbcbc33fe5fbe001008a7e745a21/charset_normalizer-3.4.8-py3-none-any.whl", hash = "sha256:b7c1fb310df524e01fbe84d43b7f95aa4f808f8eaa0dafc185f64ba395e37d54", size = 64279, upload-time = "2026-07-06T15:27:57.043Z" },
]

[[package]]
name = "docker"
version = "7.1.0"
source = { registry = "https://pypi.org/simple" }
dependencies = [
    { name = "pywin32", marker = "sys_platform == 'win32'" },
    { name = "requests" },
    { name = "urllib3" },
]
sdist = { url = "https://files.pythonhosted.org/packages/91/9b/4a2ea29aeba62471211598dac5d96825bb49348fa07e906ea930394a83ce/docker-7.1.0.tar.gz", hash = "sha256:ad8c70e6e3f8926cb8a92619b832b4ea5299e2831c14284663184e200546fa6c", size = 117834, upload-time = "2024-05-23T11:13:57.216Z" }
wheels = [
    { url = "https://files.pythonhosted.org/packages/e3/26/57c6fb270950d476074c087527a558ccb6f4436657314bfb6cdf484114c4/docker-7.1.0-py3-none-any.whl", hash = "sha256:c96b93b7f0a746f9e77d325bcfb87422a3d8bd4f03136ae8a85b37f1898d5fc0", size = 147774, upload-time = "2024-05-23T11:13:55.01Z" },
]

[[package]]
name = "docker-autocompose"
version = "1.3.0"
source = { git = "https://github.com/jauderho/docker-autocompose.git#8b9afb42d0ff3f5b8d3efed7281b8cb379da6a3d" }
dependencies = [
    { name = "docker" },
    { name = "pyaml" },
]

[[package]]
name = "docker-autocompose-project"
source = { virtual = "." }
dependencies = [
    { name = "docker" },
    { name = "docker-autocompose" },
    { name = "packaging" },
    { name = "pyaml" },
]

[package.metadata]
requires-dist = [
    { name = "docker" },
    { name = "docker-autocompose", git = "https://github.com/jauderho/docker-autocompose.git" },
    { name = "packaging" },
    { name = "pyaml" },
]

[[package]]
name = "idna"
version = "3.18"
source = { registry = "https://pypi.org/simple" }
sdist = { url = "https://files.pythonhosted.org/packages/cd/63/9496c57188a2ee585e0f1db071d75089a11e98aa86eb99d9d7618fc1edce/idna-3.18.tar.gz", hash = "sha256:ffb385a7e039654cef1ab9ef32c6fafe283c0c0467bba1d9029738ce4a14a848", size = 196711, upload-time = "2026-06-02T14:34:07.794Z" }
wheels = [
    { url = "https://files.pythonhosted.org/packages/1e/5e/d4e9f1a599fb8e573b7b87160658329fbf28d19eac2718f51fc3def3aa5a/idna-3.18-py3-none-any.whl", hash = "sha256:7f952cbe720b688055e3f87de14f5c3e5fdaa8bc3928985c4077ca689de849a2", size = 65455, upload-time = "2026-06-02T14:34:06.319Z" },
]

[[package]]
name = "packaging"
version = "26.2"
source = { registry = "https://pypi.org/simple" }
sdist = { url = "https://files.pythonhosted.org/packages/d7/f1/e7a6dd94a8d4a5626c03e4e99c87f241ba9e350cd9e6d75123f992427270/packaging-26.2.tar.gz", hash = "sha256:ff452ff5a3e828ce110190feff1178bb1f2ea2281fa2075aadb987c2fb221661", size = 228134, upload-time = "2026-04-24T20:15:23.917Z" }
wheels = [
    { url = "https://files.pythonhosted.org/packages/df/b2/87e62e8c3e2f4b32e5fe99e0b86d576da1312593b39f47d8ceef365e95ed/packaging-26.2-py3-none-any.whl", hash = "sha256:5fc45236b9446107ff2415ce77c807cee2862cb6fac22b8a73826d0693b0980e", size = 100195, upload-time = "2026-04-24T20:15:22.081Z" },
]

[[package]]
name = "pyaml"
version = "26.7.0"
source = { registry = "https://pypi.org/simple" }
dependencies = [
    { name = "pyyaml" },
]
sdist = { url = "https://files.pythonhosted.org/packages/15/6a/acfdf17de0d6947b419da8696e02b781b18de2cf49e0472298b50e1f0711/pyaml-26.7.0.tar.gz", hash = "sha256:11cda3a796efc6dbce0d56836be56cfd26289dad07bcd78e9904086729929c93", size = 30669, upload-time = "2026-07-04T00:34:38.532Z" }
wheels = [
    { url = "https://files.pythonhosted.org/packages/a6/26/3f05f9e3692853dff663913d5d62fb8df3f5640c8d70b06588c0b51ed953/pyaml-26.7.0-py3-none-any.whl", hash = "sha256:cfa382780c43ae660669b87d394d550a41856ef175f5749f51f753e12d7077ac", size = 27226, upload-time = "2026-07-04T00:34:37.198Z" },
]

[[package]]
name = "pywin32"
version = "312"
source = { registry = "https://pypi.org/simple" }
wheels = [
    { url = "https://files.pythonhosted.org/packages/2d/41/12fbfd7f36ed2146d8bc9de96c2741296bf0d490b98508496cff322e274c/pywin32-312-cp313-cp313-win32.whl", hash = "sha256:7a27df850933d16a8eabfbaeb73d52b273e2da667f80d70b01a89d1f6828d02c", size = 6370184, upload-time = "2026-06-04T07:49:36.253Z" },
    { url = "https://files.pythonhosted.org/packages/ba/db/36a78e3403099d31d9746d13fdcde5accc43c1155f375a34d15983a479a7/pywin32-312-cp313-cp313-win_amd64.whl", hash = "sha256:c53e878d15a1c44788082bfe712a905433473aa38f86375b7cf8b45e3acbaaf9", size = 6914298, upload-time = "2026-06-04T07:49:38.876Z" },
    { url = "https://files.pythonhosted.org/packages/84/37/c1697194092b76de9ed47ca124323f02c57ffc8a45c06f88a3d5acaf01eb/pywin32-312-cp313-cp313-win_arm64.whl", hash = "sha256:59aba5d5940842075343a5ddc6b11f1cdf0d1567fe745290359dfbcc7c2eb831", size = 6727640, upload-time = "2026-06-04T07:49:41.083Z" },
    { url = "https://files.pythonhosted.org/packages/fc/2b/1f3cded5822fd49c02f40544cbb5f58c7cfd6b1694869fd476cb6170ee97/pywin32-312-cp314-cp314-win32.whl", hash = "sha256:a77a90fbb6881238d2ca9c6fd797b25817f3768fe78d214a90137ff055a75f5b", size = 6468928, upload-time = "2026-06-04T07:49:43.188Z" },
    { url = "https://files.pythonhosted.org/packages/21/82/3bf86d2e2808902013132e1ce905a7da0da53790f3836c64bf44d55e24f3/pywin32-312-cp314-cp314-win_amd64.whl", hash = "sha256:a4dd3a848290ef724347b19f301045831d8e802fa4464f491b98b1e0a081432e", size = 7024157, upload-time = "2026-06-04T07:49:45.34Z" },
    { url = "https://files.pythonhosted.org/packages/a4/0e/73f6d6800b4f27655abd9e9f6aaeaefcddb2b946e4674efa2bab184a7f7b/pywin32-312-cp314-cp314-win_arm64.whl", hash = "sha256:9fce94568364e0155e6dfb781ac5d95903be8baf28670632beab1b523f300daa", size = 6839598, upload-time = "2026-06-04T07:49:47.613Z" },
    { url = "https://files.pythonhosted.org/packages/eb/61/caa39686032d2ebdd04ff0ab5cbe163126c0066d98e00c9018646e42393b/pywin32-312-cp315-cp315-win32.whl", hash = "sha256:5c1fbe4a937a73ae9297384a3da38518cbc694c68ad8a809b2e19acd350f03ed", size = 6471159, upload-time = "2026-06-04T07:49:50.035Z" },
    { url = "https://files.pythonhosted.org/packages/0f/cd/7e1de64a4a6f69c04214169657ccab0d93a670ea50e35eb8f489d7378249/pywin32-312-cp315-cp315-win_amd64.whl", hash = "sha256:c2f03a0f73f804a13c2735b99392b0cd426bb4f2c4d0178e5ac966a0f21618d5", size = 7025293, upload-time = "2026-06-04T07:49:54.857Z" },
    { url = "https://files.pythonhosted.org/packages/23/ed/4532e9388e65fa16b46776ef47ad631a64eda1631884488af707666350ed/pywin32-312-cp315-cp315-win_arm64.whl", hash = "sha256:a8597d28f267b39074aef51fa593530082b39cbe5a074226096857b1fed2dfb9", size = 6840337, upload-time = "2026-06-04T07:49:57.531Z" },
]

[[package]]
name = "pyyaml"
version = "6.0.3"
source = { registry = "https://pypi.org/simple" }
sdist = { url = "https://files.pythonhosted.org/packages/05/8e/961c0007c59b8dd7729d542c61a4d537767a59645b82a0b521206e1e25c2/pyyaml-6.0.3.tar.gz", hash = "sha256:d76623373421df22fb4cf8817020cbb7ef15c725b9d5e45f17e189bfc384190f", size = 130960, upload-time = "2025-09-25T21:33:16.546Z" }
wheels = [
    { url = "https://files.pythonhosted.org/packages/d1/11/0fd08f8192109f7169db964b5707a2f1e8b745d4e239b784a5a1dd80d1db/pyyaml-6.0.3-cp313-cp313-macosx_10_13_x86_64.whl", hash = "sha256:8da9669d359f02c0b91ccc01cac4a67f16afec0dac22c2ad09f46bee0697eba8", size = 181669, upload-time = "2025-09-25T21:32:23.673Z" },
    { url = "https://files.pythonhosted.org/packages/b1/16/95309993f1d3748cd644e02e38b75d50cbc0d9561d21f390a76242ce073f/pyyaml-6.0.3-cp313-cp313-macosx_11_0_arm64.whl", hash = "sha256:2283a07e2c21a2aa78d9c4442724ec1eb15f5e42a723b99cb3d822d48f5f7ad1", size = 173252, upload-time = "2025-09-25T21:32:25.149Z" },
    { url = "https://files.pythonhosted.org/packages/50/31/b20f376d3f810b9b2371e72ef5adb33879b25edb7a6d072cb7ca0c486398/pyyaml-6.0.3-cp313-cp313-manylinux2014_aarch64.manylinux_2_17_aarch64.manylinux_2_28_aarch64.whl", hash = "sha256:ee2922902c45ae8ccada2c5b501ab86c36525b883eff4255313a253a3160861c", size = 767081, upload-time = "2025-09-25T21:32:26.575Z" },
    { url = "https://files.pythonhosted.org/packages/49/1e/a55ca81e949270d5d4432fbbd19dfea5321eda7c41a849d443dc92fd1ff7/pyyaml-6.0.3-cp313-cp313-manylinux2014_s390x.manylinux_2_17_s390x.manylinux_2_28_s390x.whl", hash = "sha256:a33284e20b78bd4a18c8c2282d549d10bc8408a2a7ff57653c0cf0b9be0afce5", size = 841159, upload-time = "2025-09-25T21:32:27.727Z" },
    { url = "https://files.pythonhosted.org/packages/74/27/e5b8f34d02d9995b80abcef563ea1f8b56d20134d8f4e5e81733b1feceb2/pyyaml-6.0.3-cp313-cp313-manylinux2014_x86_64.manylinux_2_17_x86_64.manylinux_2_28_x86_64.whl", hash = "sha256:0f29edc409a6392443abf94b9cf89ce99889a1dd5376d94316ae5145dfedd5d6", size = 801626, upload-time = "2025-09-25T21:32:28.878Z" },
    { url = "https://files.pythonhosted.org/packages/f9/11/ba845c23988798f40e52ba45f34849aa8a1f2d4af4b798588010792ebad6/pyyaml-6.0.3-cp313-cp313-musllinux_1_2_aarch64.whl", hash = "sha256:f7057c9a337546edc7973c0d3ba84ddcdf0daa14533c2065749c9075001090e6", size = 753613, upload-time = "2025-09-25T21:32:30.178Z" },
    { url = "https://files.pythonhosted.org/packages/3d/e0/7966e1a7bfc0a45bf0a7fb6b98ea03fc9b8d84fa7f2229e9659680b69ee3/pyyaml-6.0.3-cp313-cp313-musllinux_1_2_x86_64.whl", hash = "sha256:eda16858a3cab07b80edaf74336ece1f986ba330fdb8ee0d6c0d68fe82bc96be", size = 794115, upload-time = "2025-09-25T21:32:31.353Z" },
    { url = "https://files.pythonhosted.org/packages/de/94/980b50a6531b3019e45ddeada0626d45fa85cbe22300844a7983285bed3b/pyyaml-6.0.3-cp313-cp313-win32.whl", hash = "sha256:d0eae10f8159e8fdad514efdc92d74fd8d682c933a6dd088030f3834bc8e6b26", size = 137427, upload-time = "2025-09-25T21:32:32.58Z" },
    { url = "https://files.pythonhosted.org/packages/97/c9/39d5b874e8b28845e4ec2202b5da735d0199dbe5b8fb85f91398814a9a46/pyyaml-6.0.3-cp313-cp313-win_amd64.whl", hash = "sha256:79005a0d97d5ddabfeeea4cf676af11e647e41d81c9a7722a193022accdb6b7c", size = 154090, upload-time = "2025-09-25T21:32:33.659Z" },
    { url = "https://files.pythonhosted.org/packages/73/e8/2bdf3ca2090f68bb3d75b44da7bbc71843b19c9f2b9cb9b0f4ab7a5a4329/pyyaml-6.0.3-cp313-cp313-win_arm64.whl", hash = "sha256:5498cd1645aa724a7c71c8f378eb29ebe23da2fc0d7a08071d89469bf1d2defb", size = 140246, upload-time = "2025-09-25T21:32:34.663Z" },
    { url = "https://files.pythonhosted.org/packages/9d/8c/f4bd7f6465179953d3ac9bc44ac1a8a3e6122cf8ada906b4f96c60172d43/pyyaml-6.0.3-cp314-cp314-macosx_10_13_x86_64.whl", hash = "sha256:8d1fab6bb153a416f9aeb4b8763bc0f22a5586065f86f7664fc23339fc1c1fac", size = 181814, upload-time = "2025-09-25T21:32:35.712Z" },
    { url = "https://files.pythonhosted.org/packages/bd/9c/4d95bb87eb2063d20db7b60faa3840c1b18025517ae857371c4dd55a6b3a/pyyaml-6.0.3-cp314-cp314-macosx_11_0_arm64.whl", hash = "sha256:34d5fcd24b8445fadc33f9cf348c1047101756fd760b4dacb5c3e99755703310", size = 173809, upload-time = "2025-09-25T21:32:36.789Z" },
    { url = "https://files.pythonhosted.org/packages/92/b5/47e807c2623074914e29dabd16cbbdd4bf5e9b2db9f8090fa64411fc5382/pyyaml-6.0.3-cp314-cp314-manylinux2014_aarch64.manylinux_2_17_aarch64.manylinux_2_28_aarch64.whl", hash = "sha256:501a031947e3a9025ed4405a168e6ef5ae3126c59f90ce0cd6f2bfc477be31b7", size = 766454, upload-time = "2025-09-25T21:32:37.966Z" },
    { url = "https://files.pythonhosted.org/packages/02/9e/e5e9b168be58564121efb3de6859c452fccde0ab093d8438905899a3a483/pyyaml-6.0.3-cp314-cp314-manylinux2014_s390x.manylinux_2_17_s390x.manylinux_2_28_s390x.whl", hash = "sha256:b3bc83488de33889877a0f2543ade9f70c67d66d9ebb4ac959502e12de895788", size = 836355, upload-time = "2025-09-25T21:32:39.178Z" },
    { url = "https://files.pythonhosted.org/packages/88/f9/16491d7ed2a919954993e48aa941b200f38040928474c9e85ea9e64222c3/pyyaml-6.0.3-cp314-cp314-manylinux2014_x86_64.manylinux_2_17_x86_64.manylinux_2_28_x86_64.whl", hash = "sha256:c458b6d084f9b935061bc36216e8a69a7e293a2f1e68bf956dcd9e6cbcd143f5", size = 794175, upload-time = "2025-09-25T21:32:40.865Z" },
    { url = "https://files.pythonhosted.org/packages/dd/3f/5989debef34dc6397317802b527dbbafb2b4760878a53d4166579111411e/pyyaml-6.0.3-cp314-cp314-musllinux_1_2_aarch64.whl", hash = "sha256:7c6610def4f163542a622a73fb39f534f8c101d690126992300bf3207eab9764", size = 755228, upload-time = "2025-09-25T21:32:42.084Z" },
    { url = "https://files.pythonhosted.org/packages/d7/ce/af88a49043cd2e265be63d083fc75b27b6ed062f5f9fd6cdc223ad62f03e/pyyaml-6.0.3-cp314-cp314-musllinux_1_2_x86_64.whl", hash = "sha256:5190d403f121660ce8d1d2c1bb2ef1bd05b5f68533fc5c2ea899bd15f4399b35", size = 789194, upload-time = "2025-09-25T21:32:43.362Z" },
    { url = "https://files.pythonhosted.org/packages/23/20/bb6982b26a40bb43951265ba29d4c246ef0ff59c9fdcdf0ed04e0687de4d/pyyaml-6.0.3-cp314-cp314-win_amd64.whl", hash = "sha256:4a2e8cebe2ff6ab7d1050ecd59c25d4c8bd7e6f400f5f82b96557ac0abafd0ac", size = 156429, upload-time = "2025-09-25T21:32:57.844Z" },
    { url = "https://files.pythonhosted.org/packages/f4/f4/a4541072bb9422c8a883ab55255f918fa378ecf083f5b85e87fc2b4eda1b/pyyaml-6.0.3-cp314-cp314-win_arm64.whl", hash = "sha256:93dda82c9c22deb0a405ea4dc5f2d0cda384168e466364dec6255b293923b2f3", size = 143912, upload-time = "2025-09-25T21:32:59.247Z" },
    { url = "https://files.pythonhosted.org/packages/7c/f9/07dd09ae774e4616edf6cda684ee78f97777bdd15847253637a6f052a62f/pyyaml-6.0.3-cp314-cp314t-macosx_10_13_x86_64.whl", hash = "sha256:02893d100e99e03eda1c8fd5c441d8c60103fd175728e23e431db1b589cf5ab3", size = 189108, upload-time = "2025-09-25T21:32:44.377Z" },
    { url = "https://files.pythonhosted.org/packages/4e/78/8d08c9fb7ce09ad8c38ad533c1191cf27f7ae1effe5bb9400a46d9437fcf/pyyaml-6.0.3-cp314-cp314t-macosx_11_0_arm64.whl", hash = "sha256:c1ff362665ae507275af2853520967820d9124984e0f7466736aea23d8611fba", size = 183641, upload-time = "2025-09-25T21:32:45.407Z" },
    { url = "https://files.pythonhosted.org/packages/7b/5b/3babb19104a46945cf816d047db2788bcaf8c94527a805610b0289a01c6b/pyyaml-6.0.3-cp314-cp314t-manylinux2014_aarch64.manylinux_2_17_aarch64.manylinux_2_28_aarch64.whl", hash = "sha256:6adc77889b628398debc7b65c073bcb99c4a0237b248cacaf3fe8a557563ef6c", size = 831901, upload-time = "2025-09-25T21:32:48.83Z" },
    { url = "https://files.pythonhosted.org/packages/8b/cc/dff0684d8dc44da4d22a13f35f073d558c268780ce3c6ba1b87055bb0b87/pyyaml-6.0.3-cp314-cp314t-manylinux2014_s390x.manylinux_2_17_s390x.manylinux_2_28_s390x.whl", hash = "sha256:a80cb027f6b349846a3bf6d73b5e95e782175e52f22108cfa17876aaeff93702", size = 861132, upload-time = "2025-09-25T21:32:50.149Z" },
    { url = "https://files.pythonhosted.org/packages/b1/5e/f77dc6b9036943e285ba76b49e118d9ea929885becb0a29ba8a7c75e29fe/pyyaml-6.0.3-cp314-cp314t-manylinux2014_x86_64.manylinux_2_17_x86_64.manylinux_2_28_x86_64.whl", hash = "sha256:00c4bdeba853cc34e7dd471f16b4114f4162dc03e6b7afcc2128711f0eca823c", size = 839261, upload-time = "2025-09-25T21:32:51.808Z" },
    { url = "https://files.pythonhosted.org/packages/ce/88/a9db1376aa2a228197c58b37302f284b5617f56a5d959fd1763fb1675ce6/pyyaml-6.0.3-cp314-cp314t-musllinux_1_2_aarch64.whl", hash = "sha256:66e1674c3ef6f541c35191caae2d429b967b99e02040f5ba928632d9a7f0f065", size = 805272, upload-time = "2025-09-25T21:32:52.941Z" },
    { url = "https://files.pythonhosted.org/packages/da/92/1446574745d74df0c92e6aa4a7b0b3130706a4142b2d1a5869f2eaa423c6/pyyaml-6.0.3-cp314-cp314t-musllinux_1_2_x86_64.whl", hash = "sha256:16249ee61e95f858e83976573de0f5b2893b3677ba71c9dd36b9cf8be9ac6d65", size = 829923, upload-time = "2025-09-25T21:32:54.537Z" },
    { url = "https://files.pythonhosted.org/packages/f0/7a/1c7270340330e575b92f397352af856a8c06f230aa3e76f86b39d01b416a/pyyaml-6.0.3-cp314-cp314t-win_amd64.whl", hash = "sha256:4ad1906908f2f5ae4e5a8ddfce73c320c2a1429ec52eafd27138b7f1cbe341c9", size = 174062, upload-time = "2025-09-25T21:32:55.767Z" },
    { url = "https://files.pythonhosted.org/packages/f1/12/de94a39c2ef588c7e6455cfbe7343d3b2dc9d6b6b2f40c4c6565744c873d/pyyaml-6.0.3-cp314-cp314t-win_arm64.whl", hash = "sha256:ebc55a14a21cb14062aa4162f906cd962b28e2e9ea38f9b4391244cd8de4ae0b", size = 149341, upload-time = "2025-09-25T21:32:56.828Z" },
]

[[package]]
name = "requests"
version = "2.34.2"
source = { registry = "https://pypi.org/simple" }
dependencies = [
    { name = "certifi" },
    { name = "charset-normalizer" },
    { name = "idna" },
    { name = "urllib3" },
]
sdist = { url = "https://files.pythonhosted.org/packages/ac/c3/e2a2b89f2d3e2179abd6d00ebd70bff6273f37fb3e0cc209f48b39d00cbf/requests-2.34.2.tar.gz", hash = "sha256:f288924cae4e29463698d6d60bc6a4da69c89185ad1e0bcc4104f584e960b9ed", size = 142856, upload-time = "2026-05-14T19:25:27.735Z" }
wheels = [
    { url = "https://files.pythonhosted.org/packages/a0/f4/c67b0b3f1b9245e8d266f0f112c500d50e5b4e83cb6f3b71b6528104182a/requests-2.34.2-py3-none-any.whl", hash = "sha256:2a0d60c172f83ac6ab31e4554906c0f3b3588d37b5cb939b1c061f4907e278e0", size = 73075, upload-time = "2026-05-14T19:25:26.443Z" },
]

[[package]]
name = "urllib3"
version = "2.7.0"
source = { registry = "https://pypi.org/simple" }
sdist = { url = "https://files.pythonhosted.org/packages/53/0c/06f8b233b8fd13b9e5ee11424ef85419ba0d8ba0b3138bf360be2ff56953/urllib3-2.7.0.tar.gz", hash = "sha256:231e0ec3b63ceb14667c67be60f2f2c40a518cb38b03af60abc813da26505f4c", size = 433602, upload-time = "2026-05-07T16:13:18.596Z" }
wheels = [
    { url = "https://files.pythonhosted.org/packages/7f/3e/5db95bcf282c52709639744ca2a8b149baccf648e39c8cc87553df9eae0c/urllib3-2.7.0-py3-none-any.whl", hash = "sha256:9fb4c81ebbb1ce9531cce37674bbc6f1360472bc18ca9a553ede278ef7276897", size = 131087, upload-time = "2026-05-07T16:13:17.151Z" },
]
