{
    "_meta": {
        "hash": {
            "sha256": "600fad293793513e0c16d05c903d129411e578899520e9737ae4458d9e5a840e"
        },
        "pipfile-spec": 6,
        "requires": {
            "python_version": "3"
        },
        "sources": [
            {
                "name": "pypi",
                "url": "https://pypi.org/simple",
                "verify_ssl": true
            },
            {
                "name": "piwheels",
                "url": "https://www.piwheels.org/simple",
                "verify_ssl": true
            }
        ]
    },
    "default": {
        "bleak": {
            "hashes": [
                "sha256:ccec260a0f5ec02dd133d68b0351c0151b2ecf3ddd0bcabc4c04a1cdd7f33256",
                "sha256:ec4a1a2772fb315b992cbaa1153070c7e26968a52b0e2727035f443a1af5c18f"
            ],
            "index": "pypi",
            "markers": "python_version < '3.13' and python_version >= '3.8'",
            "version": "==0.21.1"
        },
        "catprinter": {
            "editable": true,
            "git": "https://github.com/jauderho/catprinter.git",
            "ref": "485d68d08839b4977aa471f5d949d6f96f6ebfa6"
        },
        "dbus-fast": {
            "hashes": [
                "sha256:0146fa57ab665ca60a410bca1e7a87935d255006930f6745d95c442ec4afd7b7",
                "sha256:06cb577313a498efea3304418f5ecc5ca1b297748ad8b48edc74d485beb6a47c",
                "sha256:20fb1c358db32701f01b14fe8dac1517e2799c495ae7c76cbaf3df77bf85ab65",
                "sha256:29af462da08be3378b4055de4daaf3c8db60b86b4e7d898d253186469df3f237",
                "sha256:2b921f3250ba93268983e19fe8f8ea04eac455fbd677190f89b262372125d2af",
                "sha256:2e921fbe9b06058451784cccec1037805f765a1f5597c59238ac0718531549d5",
                "sha256:2f146fffef1a09b93be6db2408d25967b5f0ff2074d7f46271ceb558a1d6b87d",
                "sha256:45a06686b398dbad3ffcc196a6da8b1bd2d22b021ab2aaaf8d55ef4abdb259e4",
                "sha256:48313dac0ce8c2009564da9593e16f2df63706e694634bb755e5c9339a1beb5c",
                "sha256:542fd407fb0f48e8a42ffcbbcabfc1912173308dd3e7e837484af4aaf99a2f2d",
                "sha256:57b1057e7fe5713c6fdca550c57dad9c7dca22fc6dea11d6412588a10ab2513d",
                "sha256:5a968befb75334e386c77eedd3ddb4da48e17820f4f750038c882bbf4c13a0a3",
                "sha256:6140caff45b0ea8047db5cc1118857923a6eb7e11b82875faf852dc9775eef6e",
                "sha256:6a35a83b7e29ae7edbf2929e5902390bff4d40fd7d612a7132423559a9145cf0",
                "sha256:6c3aeae15b91dcf891e8e71e03a3f2dfeaefff6a63c3a2e12bdc98ebfee9f762",
                "sha256:6c5770036f91e8a096316042c4ff68bf6e420c27748e7158bb84c04552e12773",
                "sha256:71850725cc6bb61b6dbc1732029249bd8e4c306f05cba86478f6b31259357167",
                "sha256:807448070b5328ed4112ff636d0b4a7ad2a9ebc5352c2564a24a4e6503df0320",
                "sha256:9376905003e1d53e18bdf95afbc6ed9ff610260a963f60de1ae7254557a5b061",
                "sha256:9669beaf08c10c0a25ed2cc260dd6ca0b806d7778c4381199a430bd2626fd50e",
                "sha256:a05a45dcc34627f3b30c7855ecb72effe23b55f696188ac441a366ff5b605391",
                "sha256:b2ecb2578cb4776558e07f64700831274a89f54292755a81dbc6d58d7d59a84e",
                "sha256:b6966c607d12991b8822309f79a076d7c05613c367e00274f14d7b114177e663",
                "sha256:bcda0522cb8b0ad87b2378596e2f65bc0188c89f6e8533db2af488644216ca66",
                "sha256:bfda588e450183ffdbe06e680961347318c8a93556bd5d4bfda0b0a03739dc6d",
                "sha256:c8ce57abe5febb6928558c3a25aad4897b1a80225c4f3fc7029815aa5d3bd5a3",
                "sha256:cb6b04e451c7c1754e0ce65315dd9c2ba36f45d2935c70f3ede09c81a68cd76d",
                "sha256:e125d2f07ba3fe7df5f36f3052f5836a5fd4052b7cc674e05ef17de226498dbe",
                "sha256:e3540c57fde03d0dae1a2d2e3c8aa48cb6e04c7d8bba49c6a0af50d27b761d7e",
                "sha256:f29cdc926a16cd3b57061cf4421c1c7e45367784eaeac70aae7a860ab803f177",
                "sha256:f41a4be78d23d86fa1235aa1b2585b3895fafe94af8436b6b8866c56e494f3c7",
                "sha256:f645418561eda1419a943ea6eb426b8fe4342eb89d12c3fbaa644a60ef4707eb",
                "sha256:fad89c13a93dcdb84d627c7bcb46bf9ea155317a3006809575f8619802d1523f",
                "sha256:fc9559a774d9abdcba06d345790e56b88d48c72cd11fabb880c3554de7b2c631"
            ],
            "markers": "platform_system == 'Linux'",
            "version": "==2.18.0"
        },
        "numpy": {
            "hashes": [
                "sha256:06fa1ed84aa60ea6ef9f91ba57b5ed963c3729534e6e54055fc151fad0423f0a",
                "sha256:174a8880739c16c925799c018f3f55b8130c1f7c8e75ab0a6fa9d41cab092fd6",
                "sha256:1a13860fdcd95de7cf58bd6f8bc5a5ef81c0b0625eb2c9a783948847abbef2c2",
                "sha256:1cc3d5029a30fb5f06704ad6b23b35e11309491c999838c31f124fee32107c79",
                "sha256:22f8fc02fdbc829e7a8c578dd8d2e15a9074b630d4da29cda483337e300e3ee9",
                "sha256:26c9d33f8e8b846d5a65dd068c14e04018d05533b348d9eaeef6c1bd787f9919",
                "sha256:2b3fca8a5b00184828d12b073af4d0fc5fdd94b1632c2477526f6bd7842d700d",
                "sha256:2beef57fb031dcc0dc8fa4fe297a742027b954949cabb52a2a376c144e5e6060",
                "sha256:36340109af8da8805d8851ef1d74761b3b88e81a9bd80b290bbfed61bd2b4f75",
                "sha256:3703fc9258a4a122d17043e57b35e5ef1c5a5837c3db8be396c82e04c1cf9b0f",
                "sha256:3ced40d4e9e18242f70dd02d739e44698df3dcb010d31f495ff00a31ef6014fe",
                "sha256:4a06263321dfd3598cacb252f51e521a8cb4b6df471bb12a7ee5cbab20ea9167",
                "sha256:4eb8df4bf8d3d90d091e0146f6c28492b0be84da3e409ebef54349f71ed271ef",
                "sha256:5d5244aabd6ed7f312268b9247be47343a654ebea52a60f002dc70c769048e75",
                "sha256:64308ebc366a8ed63fd0bf426b6a9468060962f1a4339ab1074c228fa6ade8e3",
                "sha256:6a3cdb4d9c70e6b8c0814239ead47da00934666f668426fc6e94cce869e13fd7",
                "sha256:854ab91a2906ef29dc3925a064fcd365c7b4da743f84b123002f6139bcb3f8a7",
                "sha256:94cc3c222bb9fb5a12e334d0479b97bb2df446fbe622b470928f5284ffca3f8d",
                "sha256:96ca5482c3dbdd051bcd1fce8034603d6ebfc125a7bd59f55b40d8f5d246832b",
                "sha256:a2bbc29fcb1771cd7b7425f98b05307776a6baf43035d3b80c4b0f29e9545186",
                "sha256:a4cd6ed4a339c21f1d1b0fdf13426cb3b284555c27ac2f156dfdaaa7e16bfab0",
                "sha256:aa18428111fb9a591d7a9cc1b48150097ba6a7e8299fb56bdf574df650e7d1f1",
                "sha256:aa317b2325f7aa0a9471663e6093c210cb2ae9c0ad824732b307d2c51983d5b6",
                "sha256:b04f5dc6b3efdaab541f7857351aac359e6ae3c126e2edb376929bd3b7f92d7e",
                "sha256:b272d4cecc32c9e19911891446b72e986157e6a1809b7b56518b4f3755267523",
                "sha256:b361d369fc7e5e1714cf827b731ca32bff8d411212fccd29ad98ad622449cc36",
                "sha256:b96e7b9c624ef3ae2ae0e04fa9b460f6b9f17ad8b4bec6d7756510f1f6c0c841",
                "sha256:baf8aab04a2c0e859da118f0b38617e5ee65d75b83795055fb66c0d5e9e9b818",
                "sha256:bcc008217145b3d77abd3e4d5ef586e3bdfba8fe17940769f8aa09b99e856c00",
                "sha256:bd3f0091e845164a20bd5a326860c840fe2af79fa12e0469a12768a3ec578d80",
                "sha256:cc392fdcbd21d4be6ae1bb4475a03ce3b025cd49a9be5345d76d7585aea69440",
                "sha256:d73a3abcac238250091b11caef9ad12413dab01669511779bc9b29261dd50210",
                "sha256:f43740ab089277d403aa07567be138fc2a89d4d9892d113b76153e0e412409f8",
                "sha256:f65738447676ab5777f11e6bbbdb8ce11b785e105f690bc45966574816b6d3ea",
                "sha256:f79b231bf5c16b1f39c7f4875e1ded36abee1591e98742b05d8a0fb55d8a3eec",
                "sha256:fe6b44fb8fcdf7eda4ef4461b97b3f63c466b27ab151bec2366db8b197387841"
            ],
            "index": "pypi",
            "markers": "python_version >= '3.9'",
            "version": "==1.26.2"
        },
        "opencv-python": {
            "hashes": [
                "sha256:91d5f6f5209dc2635d496f6b8ca6573ecdad051a09e6b5de4c399b8e673c60da",
                "sha256:9814beca408d3a0eca1bae7e3e5be68b07c17ecceb392b94170881216e09b319",
                "sha256:a7aac3900fbacf55b551e7b53626c3dad4c71ce85643645c43e91fcb19045e47",
                "sha256:b983197f97cfa6fcb74e1da1802c7497a6f94ed561aba6980f1f33123f904956",
                "sha256:bc31f47e05447da8b3089faa0a07ffe80e114c91ce0b171e6424f9badbd1c5cd",
                "sha256:c4c406bdb41eb21ea51b4e90dfbc989c002786c3f601c236a99c59a54670a394",
                "sha256:cc7adbbcd1112877a39274106cb2752e04984bc01a031162952e97450d6117f6"
            ],
            "index": "pypi",
            "markers": "python_version >= '3.6'",
            "version": "==4.8.1.78"
        },
        "typing-extensions": {
            "hashes": [
                "sha256:8f92fc8806f9a6b641eaa5318da32b44d401efaac0f6678c9bc448ba3605faa0",
                "sha256:df8e4339e9cb77357558cbdbceca33c303714cf861d1eef15e1070055ae8b7ef"
            ],
            "markers": "python_version < '3.12'",
            "version": "==4.8.0"
        }
    },
    "develop": {}
}
