{
    "_meta": {
        "hash": {
            "sha256": "600fad293793513e0c16d05c903d129411e578899520e9737ae4458d9e5a840e"
        },
        "pipfile-spec": 6,
        "requires": {
            "python_version": "3"
        },
        "sources": [
            {
                "name": "pypi",
                "url": "https://pypi.org/simple",
                "verify_ssl": true
            },
            {
                "name": "piwheels",
                "url": "https://www.piwheels.org/simple",
                "verify_ssl": true
            }
        ]
    },
    "default": {
        "bleak": {
            "hashes": [
                "sha256:ccec260a0f5ec02dd133d68b0351c0151b2ecf3ddd0bcabc4c04a1cdd7f33256",
                "sha256:ec4a1a2772fb315b992cbaa1153070c7e26968a52b0e2727035f443a1af5c18f"
            ],
            "index": "pypi",
            "markers": "python_version < '3.13' and python_version >= '3.8'",
            "version": "==0.21.1"
        },
        "catprinter": {
            "editable": true,
            "git": "https://github.com/jauderho/catprinter.git",
            "ref": "cabd7b2bc4e0c7691ce3869f4960520296859a78"
        },
        "dbus-fast": {
            "hashes": [
                "sha256:037d4396dd94515639b9b07110f5a2323122c1722589342af48acb08c5e8d4ac",
                "sha256:0891d96a5a06813c94a245c382cde5cadd042ef40f2eef0ded056b5bb1b9e8ec",
                "sha256:0d202f58e76ea54ff433827530fd9b2b29ec2df524d1f180903fcd543a4af2e1",
                "sha256:3c5c9320ceeb0d52047c4621c7abe9e116e3b9875ff9efdd20904d349411cfee",
                "sha256:3d68dc7efab4d793ee027643a5d0d796c8c73d962007647eb4ac90dff21db893",
                "sha256:3f389a0c41b02b7638dfa1fa463535717a99f5cfbe17e049e07107a109d63783",
                "sha256:4875f78a85987407cb31bdeee3f4613849dd368bc6abf911caac5ace1870a1a9",
                "sha256:58f6adca2ac76f0057a3be307cb0339de1de2879d078e6832cfda36c6277ff68",
                "sha256:5f45a3ca648b1637df50398dceba3e570258c1b3dad43f4a72b4fd95b6b23f11",
                "sha256:6127305044a1adde529284dfb453609bdba3bdc4f21ccb7cd9c5cdf798f2b806",
                "sha256:666f393eb514b98859f177250332a76c5036fa7b3da8d88e7e4cbc3d8e58daec",
                "sha256:6869bc6734bb98471a90471ead59584e76d26f8ce731e1bd72acff97d90c2ddf",
                "sha256:6d3359ee7168ac5e38309842fdb98e2169bbfcb844c75e7a1e3f6d3c63df5cc8",
                "sha256:6efcbf35c9afb2bc803a4d75071356e1bba247ba24895b03f29a66941bfbe149",
                "sha256:728e73d1644694a90c576995f3a0fd410f9e23fbc1f892271819ed3bb1cf8379",
                "sha256:7c061aa6f8042b61d1e05e2af7373bbbe3ccd8c9ecaad0bd6809f458e39548bb",
                "sha256:7f9174f7c1d5a6310e84c74b4577d4c2d1ed68c27a46a4162ed9c22e5a0a8d71",
                "sha256:873c2cea233e775c0c8056f87e07cef042142b81e45fbc1ce0cf42b11f8111b5",
                "sha256:8830860e688da70d58e45e88d8d88341556065009a69c841ede089328c3397f9",
                "sha256:885c9becb9ce222750d503af5cbdb1dd71d9364b51b6f953408098d420844f55",
                "sha256:8ebc75cee65d523ee5e82477396b24525af20cac84f688b6d5c439942e691424",
                "sha256:912ea31378def683cfecf04cadb85742d997fed595be4bfa5eb4f272ca8f61ca",
                "sha256:9d5726969455b513ce74741da7d527febee3fd036121487ef8e040caaa0c873d",
                "sha256:a3f5b2832499f5d286ab0b52316bee53a95f0ac7929a292565cad52b8857ca28",
                "sha256:a6a34a3909e2f81b3bcde945ea2c292e58b64cf7d7fddea968d71400c681353a",
                "sha256:a7734efeee75089c802c3f6554cd04bf8c4221e5c56f30400edb146035ae9204",
                "sha256:c18f77b10a300941b62e213f41507d3c361ac684ae3c06ca04c67bb059411dad",
                "sha256:c31c026c0677716751b99220ced2545d40189f7a7bab0fd6f961f9d7cc3c4a17",
                "sha256:c998e6652c1e360e976058f50501ea270fff55c9f116974f7a9151d93fbae2e7",
                "sha256:d64a03a247afcbb58356b07663ff50a1861115091cc80d4368f87e48dcc50669",
                "sha256:e352047ec88cc5b285839d3f22d65bcdc542f2b4e4f0e9a3b7268a06ec8ebb45",
                "sha256:eab8fee83400a3ebd7c74f27dd115e59f163d3c971a244cc5c3040279c53d895",
                "sha256:f05082d7eb0e7c36d955caabc2a47eb2826cad643c94068c6b1dd8b4f4e49e5b",
                "sha256:fa46948c15b276e69f23a4d32076049b97a51e85da3b4da5211f23964ce40579"
            ],
            "markers": "platform_system == 'Linux'",
            "version": "==2.13.1"
        },
        "numpy": {
            "hashes": [
                "sha256:06934e1a22c54636a059215d6da99e23286424f316fddd979f5071093b648668",
                "sha256:1c59c046c31a43310ad0199d6299e59f57a289e22f0f36951ced1c9eac3665b9",
                "sha256:1d1bd82d539607951cac963388534da3b7ea0e18b149a53cf883d8f699178c0f",
                "sha256:1e11668d6f756ca5ef534b5be8653d16c5352cbb210a5c2a79ff288e937010d5",
                "sha256:3649d566e2fc067597125428db15d60eb42a4e0897fc48d28cb75dc2e0454e53",
                "sha256:59227c981d43425ca5e5c01094d59eb14e8772ce6975d4b2fc1e106a833d5ae2",
                "sha256:6081aed64714a18c72b168a9276095ef9155dd7888b9e74b5987808f0dd0a974",
                "sha256:6965888d65d2848e8768824ca8288db0a81263c1efccec881cb35a0d805fcd2f",
                "sha256:76ff661a867d9272cd2a99eed002470f46dbe0943a5ffd140f49be84f68ffc42",
                "sha256:78ca54b2f9daffa5f323f34cdf21e1d9779a54073f0018a3094ab907938331a2",
                "sha256:82e871307a6331b5f09efda3c22e03c095d957f04bf6bc1804f30048d0e5e7af",
                "sha256:8ab9163ca8aeb7fd32fe93866490654d2f7dda4e61bc6297bf72ce07fdc02f67",
                "sha256:9696aa2e35cc41e398a6d42d147cf326f8f9d81befcb399bc1ed7ffea339b64e",
                "sha256:97e5d6a9f0702c2863aaabf19f0d1b6c2628fbe476438ce0b5ce06e83085064c",
                "sha256:9f42284ebf91bdf32fafac29d29d4c07e5e9d1af862ea73686581773ef9e73a7",
                "sha256:a03fb25610ef560a6201ff06df4f8105292ba56e7cdd196ea350d123fc32e24e",
                "sha256:a5b411040beead47a228bde3b2241100454a6abde9df139ed087bd73fc0a4908",
                "sha256:af22f3d8e228d84d1c0c44c1fbdeb80f97a15a0abe4f080960393a00db733b66",
                "sha256:afd5ced4e5a96dac6725daeb5242a35494243f2239244fad10a90ce58b071d24",
                "sha256:b9d45d1dbb9de84894cc50efece5b09939752a2d75aab3a8b0cef6f3a35ecd6b",
                "sha256:bb894accfd16b867d8643fc2ba6c8617c78ba2828051e9a69511644ce86ce83e",
                "sha256:c8c6c72d4a9f831f328efb1312642a1cafafaa88981d9ab76368d50d07d93cbe",
                "sha256:cd7837b2b734ca72959a1caf3309457a318c934abef7a43a14bb984e574bbb9a",
                "sha256:cdd9ec98f0063d93baeb01aad472a1a0840dee302842a2746a7a8e92968f9575",
                "sha256:d1cfc92db6af1fd37a7bb58e55c8383b4aa1ba23d012bdbba26b4bcca45ac297",
                "sha256:d1d2c6b7dd618c41e202c59c1413ef9b2c8e8a15f5039e344af64195459e3104",
                "sha256:d2984cb6caaf05294b8466966627e80bf6c7afd273279077679cb010acb0e5ab",
                "sha256:d58e8c51a7cf43090d124d5073bc29ab2755822181fcad978b12e144e5e5a4b3",
                "sha256:d78f269e0c4fd365fc2992c00353e4530d274ba68f15e968d8bc3c69ce5f5244",
                "sha256:dcfaf015b79d1f9f9c9fd0731a907407dc3e45769262d657d754c3a028586124",
                "sha256:e44ccb93f30c75dfc0c3aa3ce38f33486a75ec9abadabd4e59f114994a9c4617",
                "sha256:e509cbc488c735b43b5ffea175235cec24bbc57b227ef1acc691725beb230d1c"
            ],
            "index": "pypi",
            "markers": "python_version < '3.13' and python_version >= '3.9'",
            "version": "==1.26.1"
        },
        "opencv-python": {
            "hashes": [
                "sha256:91d5f6f5209dc2635d496f6b8ca6573ecdad051a09e6b5de4c399b8e673c60da",
                "sha256:9814beca408d3a0eca1bae7e3e5be68b07c17ecceb392b94170881216e09b319",
                "sha256:a7aac3900fbacf55b551e7b53626c3dad4c71ce85643645c43e91fcb19045e47",
                "sha256:b983197f97cfa6fcb74e1da1802c7497a6f94ed561aba6980f1f33123f904956",
                "sha256:bc31f47e05447da8b3089faa0a07ffe80e114c91ce0b171e6424f9badbd1c5cd",
                "sha256:c4c406bdb41eb21ea51b4e90dfbc989c002786c3f601c236a99c59a54670a394",
                "sha256:cc7adbbcd1112877a39274106cb2752e04984bc01a031162952e97450d6117f6"
            ],
            "index": "pypi",
            "markers": "python_version >= '3.6'",
            "version": "==4.8.1.78"
        },
        "typing-extensions": {
            "hashes": [
                "sha256:8f92fc8806f9a6b641eaa5318da32b44d401efaac0f6678c9bc448ba3605faa0",
                "sha256:df8e4339e9cb77357558cbdbceca33c303714cf861d1eef15e1070055ae8b7ef"
            ],
            "markers": "python_version < '3.12'",
            "version": "==4.8.0"
        }
    },
    "develop": {}
}
