{
    "_meta": {
        "hash": {
            "sha256": "f23ac0fcf99c1ef1bf6ce65892b7ebf198cf713e9dbd0c03c72aa96fac5d1104"
        },
        "pipfile-spec": 6,
        "requires": {
            "python_version": "3"
        },
        "sources": [
            {
                "name": "pypi",
                "url": "https://pypi.org/simple",
                "verify_ssl": true
            }
        ]
    },
    "default": {
        "async-timeout": {
            "hashes": [
                "sha256:2163e1640ddb52b7a8c80d0a67a08587e5d245cc9c553a74a847056bc2976b15",
                "sha256:8ca1e4fcf50d07413d66d1a5e416e42cfdf5851c981d679a09851a6853383b3c"
            ],
            "markers": "python_version >= '3.6'",
            "version": "==4.0.2"
        },
        "bleak": {
            "hashes": [
                "sha256:31e92e6754379bb394b8544457c77ce09a8a7dbc5f9adf3119b34576c901ef1e",
                "sha256:87845a96453c58c19031c735444a7b3156800534bcd3f23ba74e119e9ae3cd88"
            ],
            "index": "pypi",
            "version": "==0.19.5"
        },
        "catprinter": {
            "editable": true,
            "git": "https://github.com/jauderho/catprinter.git",
            "ref": "ce1c73a388304b8badd997de6eecfd77b269201a"
        },
        "dbus-fast": {
            "hashes": [
                "sha256:0d7eee5b69ca9fbad908513bd55efd6bd2090854d2febada886d59a0c01f221d",
                "sha256:0df53713f7917b963fdeb5125afb09aeac3e98e3dd75483f52e488cf63b87fc6",
                "sha256:0ee5f3663a17db92980056d9bc8d40b41cd4601badaa57f7caef77e7dda33ce3",
                "sha256:2ed127a1c4db21ed8ac0535c059490ab7981dfa22b13d142b5c7d8c42bdba840",
                "sha256:32269bee5d30b3ccc800eccac0b06bb233c514efd2871ebc649f11a987ee8d33",
                "sha256:361d4a5f8f42ff46aca4d8ab148cea5b8d8a439fd41e160360b6c8cb2cb014a3",
                "sha256:3806b6a9532747168cffc8fc593e80f08e316959c8b7c93dad438acd95bc98a6",
                "sha256:40940fc848d76eb598631f0237fbea9b4bf1ed5059f51fd0fcc31424b4f4b5e4",
                "sha256:4f3150c116d9be7c7f3fd54de2cf55717ed2b3c9ec8533429a7db3025fd286b6",
                "sha256:4f85665403b0a942aa48b5fa7cabd407665234542dd734acf4587a35027fb187",
                "sha256:68f6d55b64d9393f88526b7b9c6805dcfa3d1b8791160d06c125f1e9d4e176b3",
                "sha256:6da098cb98520f73ff54e1f54b381bb6b3d8806e31f1908ffa1ff7f7a4f5266b",
                "sha256:73d7d3194741a3fb889797fb26762e33c0697284175903e46f95c11598472823",
                "sha256:747875df5a56f67a4561abc1e4aa17c51d62d5c9051e7a5eafa91f7a956fefc4",
                "sha256:8d362f0d5d3e3e39f96a8b3df1090f6147fc96df30fd29488f9bc0f357054e29",
                "sha256:95e0d9a6ccb96daf3c465cebe334dd5f00e17f320e03ce5f737b7012a524f023",
                "sha256:9da7ad7d2b2afadb23bf1b14937ed139acafd491905b06218ffb39a19949194c",
                "sha256:a46e11ab8b19002458f8cf0712ab90ee658a3b04873731f8d4e95ec7caa1c818",
                "sha256:b2aa1afad9d7acdd0e0fecff8c43e5dcc491a5e8fc38a1aa733ee634f2ca1e8f",
                "sha256:b95f7cdcf1773ab3e9817a0a476791d23faa8d0fc2cab3e6c7537c17898a50c0",
                "sha256:bedbbb9692da11d0bc43a305655d82c18dbb876001133319573d40a0de38f883",
                "sha256:c7304b5a1a22882b7fe3b9624b182e5f8888a42fbca68217067a385b37f860a3",
                "sha256:e3e86f73c8ad425256bbb729503325104b0e12c4c3f77fbfa87cf4470596cae5",
                "sha256:e7befec6a1789762c899a8359a9136c10cbd97d58e3b6f1d8925e8db204458de",
                "sha256:edd4ffbcbd0b1f05c2f408b20721c4393eda9e599c9f6811c4c79534b66cb1fa",
                "sha256:f23d8c71cb99f9d094b1e63b333cc13edd3dc167cb9116b55775c4fb154d61eb",
                "sha256:f761157fdaed7821c610f1bf8c874d5985eb0f6844aa64dbdd40fdb3a728a017",
                "sha256:fdfa0956bf1c372ad07d682c11f47e2d09ee60fce7d51682e7eef4b2696bd3ca"
            ],
            "markers": "platform_system == 'Linux'",
            "version": "==1.83.1"
        },
        "numpy": {
            "hashes": [
                "sha256:0044f7d944ee882400890f9ae955220d29b33d809a038923d88e4e01d652acd9",
                "sha256:0e3463e6ac25313462e04aea3fb8a0a30fb906d5d300f58b3bc2c23da6a15398",
                "sha256:179a7ef0889ab769cc03573b6217f54c8bd8e16cef80aad369e1e8185f994cd7",
                "sha256:2386da9a471cc00a1f47845e27d916d5ec5346ae9696e01a8a34760858fe9dd2",
                "sha256:26089487086f2648944f17adaa1a97ca6aee57f513ba5f1c0b7ebdabbe2b9954",
                "sha256:28bc9750ae1f75264ee0f10561709b1462d450a4808cd97c013046073ae64ab6",
                "sha256:28e418681372520c992805bb723e29d69d6b7aa411065f48216d8329d02ba032",
                "sha256:442feb5e5bada8408e8fcd43f3360b78683ff12a4444670a7d9e9824c1817d36",
                "sha256:6ec0c021cd9fe732e5bab6401adea5a409214ca5592cd92a114f7067febcba0c",
                "sha256:7094891dcf79ccc6bc2a1f30428fa5edb1e6fb955411ffff3401fb4ea93780a8",
                "sha256:84e789a085aabef2f36c0515f45e459f02f570c4b4c4c108ac1179c34d475ed7",
                "sha256:87a118968fba001b248aac90e502c0b13606721b1343cdaddbc6e552e8dfb56f",
                "sha256:8e669fbdcdd1e945691079c2cae335f3e3a56554e06bbd45d7609a6cf568c700",
                "sha256:ad2925567f43643f51255220424c23d204024ed428afc5aad0f86f3ffc080086",
                "sha256:b0677a52f5d896e84414761531947c7a330d1adc07c3a4372262f25d84af7bf7",
                "sha256:b07b40f5fb4fa034120a5796288f24c1fe0e0580bbfff99897ba6267af42def2",
                "sha256:b09804ff570b907da323b3d762e74432fb07955701b17b08ff1b5ebaa8cfe6a9",
                "sha256:b162ac10ca38850510caf8ea33f89edcb7b0bb0dfa5592d59909419986b72407",
                "sha256:b31da69ed0c18be8b77bfce48d234e55d040793cebb25398e2a7d84199fbc7e2",
                "sha256:caf65a396c0d1f9809596be2e444e3bd4190d86d5c1ce21f5fc4be60a3bc5b36",
                "sha256:cfa1161c6ac8f92dea03d625c2d0c05e084668f4a06568b77a25a89111621566",
                "sha256:dae46bed2cb79a58d6496ff6d8da1e3b95ba09afeca2e277628171ca99b99db1",
                "sha256:ddc7ab52b322eb1e40521eb422c4e0a20716c271a306860979d450decbb51b8e",
                "sha256:de92efa737875329b052982e37bd4371d52cabf469f83e7b8be9bb7752d67e51",
                "sha256:e274f0f6c7efd0d577744f52032fdd24344f11c5ae668fe8d01aac0422611df1",
                "sha256:ed5fb71d79e771ec930566fae9c02626b939e37271ec285e9efaf1b5d4370e7d",
                "sha256:ef85cf1f693c88c1fd229ccd1055570cb41cdf4875873b7728b6301f12cd05bf",
                "sha256:f1b739841821968798947d3afcefd386fa56da0caf97722a5de53e07c4ccedc7"
            ],
            "index": "pypi",
            "version": "==1.24.1"
        },
        "opencv-python": {
            "hashes": [
                "sha256:0dc82a3d8630c099d2f3ac1b1aabee164e8188db54a786abb7a4e27eba309440",
                "sha256:5af8ba35a4fcb8913ffb86e92403e9a656a4bff4a645d196987468f0f8947875",
                "sha256:6e32af22e3202748bd233ed8f538741876191863882eba44e332d1a34993165b",
                "sha256:c5bfae41ad4031e66bb10ec4a0a2ffd3e514d092652781e8b1ac98d1b59f1158",
                "sha256:dbdc84a9b4ea2cbae33861652d25093944b9959279200b7ae0badd32439f74de",
                "sha256:e6e448b62afc95c5b58f97e87ef84699e6607fe5c58730a03301c52496005cae",
                "sha256:f482e78de6e7b0b060ff994ffd859bddc3f7f382bb2019ef157b0ea8ca8712f5"
            ],
            "index": "pypi",
            "version": "==4.6.0.66"
        }
    },
    "develop": {}
}
