{
    "_meta": {
        "hash": {
            "sha256": "21a186e6631e969c62909108eb83afcfc2f8ea8325e3e70a1808e87d35c6aa87"
        },
        "pipfile-spec": 6,
        "requires": {
            "python_version": "3"
        },
        "sources": [
            {
                "name": "pypi",
                "url": "https://pypi.org/simple",
                "verify_ssl": true
            },
            {
                "name": "piwheels",
                "url": "https://www.piwheels.org/simple",
                "verify_ssl": true
            }
        ]
    },
    "default": {
        "ruff": {
            "hashes": [
                "sha256:0372c5a90349f00212270421fe91874b866fd3626eb3b397ede06cd385f6f7e0",
                "sha256:042ae32b41343888f59c0a4148f103208bf6b21c90118d51dc93a68366f4e903",
                "sha256:0c439bdfc8983e1336577f00e09a4e7a78944fe01e4ea7fe616d00c3ec69a3d0",
                "sha256:115d1f15e8fdd445a7b4dc9a30abae22de3f6bcabeb503964904471691ef7606",
                "sha256:3770fe52b9d691a15f0b87ada29c45324b2ace8f01200fb0c14845e499eb0c2c",
                "sha256:643757633417907510157b206e490c3aa11cab0c087c912f60e07fbafa87a4c6",
                "sha256:7c1f880ac5b2cbebd58b8ebde57069a374865c73f3bf41f05fe7a179c1c8ef22",
                "sha256:87862589373b33cc484b10831004e5e5ec47dc10d2b41ba770e837d4f429d721",
                "sha256:88362e3227c82f63eaebf0b2eff5b88990280fb1ecf7105523883ba8c3aaf6fb",
                "sha256:91ff963baed3e9a6a4eba2a02f4ca8eaa6eba1cc0521aec0987da8d62f53cbef",
                "sha256:99d50def47305fe6f233eb8dabfd60047578ca87c9dcb235c9723ab1175180f4",
                "sha256:a17e1e01bee0926d351a1ee9bc15c445beae888f90069a6192a07a84af544b6b",
                "sha256:b075a700b2533feb7a01130ff656a4ec0d5f340bb540ad98759b8401c32c2037",
                "sha256:d59105ae9c44152c3d40a9c40d6331a7acd1cdf5ef404fbe31178a77b174ea66",
                "sha256:d76b8ab60e99e6424cd9d3d923274a1324aefce04f8ea537136b8398bbae0a62",
                "sha256:e63fc20143c291cab2841dbb8260e96bafbe1ba13fd3d60d28be2c71e312da49",
                "sha256:e9ece95b7de5923cbf38893f066ed2872be2f2f477ba94f826c8defdd6ec6b7d",
                "sha256:f313b5800483770bd540cddac7c90fc46f895f427b7820f18fe1822697f1fec9"
            ],
            "index": "pypi",
            "markers": "python_version >= '3.7'",
            "version": "==0.9.7"
        }
    },
    "develop": {}
}
