{
    "_meta": {
        "hash": {
            "sha256": "21a186e6631e969c62909108eb83afcfc2f8ea8325e3e70a1808e87d35c6aa87"
        },
        "pipfile-spec": 6,
        "requires": {
            "python_version": "3"
        },
        "sources": [
            {
                "name": "pypi",
                "url": "https://pypi.org/simple",
                "verify_ssl": true
            },
            {
                "name": "piwheels",
                "url": "https://www.piwheels.org/simple",
                "verify_ssl": true
            }
        ]
    },
    "default": {
        "ruff": {
            "hashes": [
                "sha256:049a191969a10897fe052ef9cc7491b3ef6de79acd7790af7d7897b7a9bfbcb6",
                "sha256:1bc09a7419e09662983b1312f6fa5dab829d6ab5d11f18c3760be7ca521c9329",
                "sha256:3191e9116b6b5bbe187447656f0c8526f0d36b6fd89ad78ccaad6bdc2fad7df2",
                "sha256:38c23fd9bdec4eb437b4c1e3595905a0a8edfccd63a790f818b28c78fe345639",
                "sha256:3c3156d3f4b42e57247275a0a7e15a851c165a4fc89c5e8fa30ea6da4f7407b8",
                "sha256:490b1e147c1260545f6d041c4092483e3f6d8eba81dc2875eaebcf9140b53905",
                "sha256:6fbb2aed66fe742a6a3a0075ed467a459b7cedc5ae01008340075909d819df1e",
                "sha256:7c8661b0be91a38bd56db593e9331beaf9064a79028adee2d5f392674bbc5e88",
                "sha256:868364fc23f5aa122b00c6f794211e85f7e78f5dffdf7c590ab90b8c4e69b657",
                "sha256:92c0c1ff014351c0b0cdfdb1e35fa83b780f1e065667167bb9502d47ca41e6db",
                "sha256:96bc89a5c5fd21a04939773f9e0e276308be0935de06845110f43fd5c2e4ead7",
                "sha256:a9352b9d767889ec5df1483f94870564e8102d4d7e99da52ebf564b882cdc2c7",
                "sha256:b6c0e8d3d2db7e9f6efd884f44b8dc542d5b6b590fc4bb334fdbc624d93a29a2",
                "sha256:bcfa478daf61ac8002214eb2ca5f3e9365048506a9d52b11bea3ecea822bb844",
                "sha256:c58bfa00e740ca0a6c43d41fb004cd22d165302f360aaa56f7126d544db31a21",
                "sha256:dc67e32bc3b29557513eb7eeabb23efdb25753684b913bebb8a0c62495095acb",
                "sha256:e4fd5ff5de5f83e0458a138e8a869c7c5e907541aec32b707f57cf9a5e124445",
                "sha256:e55c620690a4a7ee6f1cccb256ec2157dc597d109400ae75bbf944fc9d6462e2"
            ],
            "index": "pypi",
            "markers": "python_version >= '3.7'",
            "version": "==0.11.0"
        }
    },
    "develop": {}
}
